// !$*UTF8*$!
{
	archiveVersion = 1;
	classes = {
	};
	objectVersion = 56;
	objects = {

/* Begin PBXBuildFile section */
		DCC2FF6B2AD842E900E9834A /* Dhaka_WheelsApp.swift in Sources */ = {isa = PBXBuildFile; fileRef = DCC2FF6A2AD842E900E9834A /* Dhaka_WheelsApp.swift */; };
		DCC2FF6D2AD842E900E9834A /* ContentView.swift in Sources */ = {isa = PBXBuildFile; fileRef = DCC2FF6C2AD842E900E9834A /* ContentView.swift */; };
		DCC2FF6F2AD842EA00E9834A /* Assets.xcassets in Resources */ = {isa = PBXBuildFile; fileRef = DCC2FF6E2AD842EA00E9834A /* Assets.xcassets */; };
		DCC2FF722AD842EA00E9834A /* Preview Assets.xcassets in Resources */ = {isa = PBXBuildFile; fileRef = DCC2FF712AD842EA00E9834A /* Preview Assets.xcassets */; };
		DCC2FF7A2AD844EA00E9834A /* HomeView.swift in Sources */ = {isa = PBXBuildFile; fileRef = DCC2FF792AD844EA00E9834A /* HomeView.swift */; };
		DCC2FF7C2AD84A3500E9834A /* SearchView.swift in Sources */ = {isa = PBXBuildFile; fileRef = DCC2FF7B2AD84A3500E9834A /* SearchView.swift */; };
		DCC2FF7E2AD84E1E00E9834A /* BusRow.swift in Sources */ = {isa = PBXBuildFile; fileRef = DCC2FF7D2AD84E1E00E9834A /* BusRow.swift */; };
		DCC2FF812AD8589700E9834A /* BusList.json in Resources */ = {isa = PBXBuildFile; fileRef = DCC2FF802AD8589700E9834A /* BusList.json */; };
		DCC2FF842AD858DD00E9834A /* Bus.swift in Sources */ = {isa = PBXBuildFile; fileRef = DCC2FF832AD858DD00E9834A /* Bus.swift */; };
		DCC2FF872AD85A3E00E9834A /* Constants.swift in Sources */ = {isa = PBXBuildFile; fileRef = DCC2FF862AD85A3E00E9834A /* Constants.swift */; };
		DCC2FF892AD85D4E00E9834A /* BusDetailView.swift in Sources */ = {isa = PBXBuildFile; fileRef = DCC2FF882AD85D4E00E9834A /* BusDetailView.swift */; };
		DCCC6C1E2ADA945700E95C2D /* AllBustList.swift in Sources */ = {isa = PBXBuildFile; fileRef = DCCC6C1D2ADA945700E95C2D /* AllBustList.swift */; };
/* End PBXBuildFile section */

/* Begin PBXFileReference section */
		DCC2FF672AD842E900E9834A /* Dhaka Wheels.app */ = {isa = PBXFileReference; explicitFileType = wrapper.application; includeInIndex = 0; path = "Dhaka Wheels.app"; sourceTree = BUILT_PRODUCTS_DIR; };
		DCC2FF6A2AD842E900E9834A /* Dhaka_WheelsApp.swift */ = {isa = PBXFileReference; lastKnownFileType = sourcecode.swift; path = Dhaka_WheelsApp.swift; sourceTree = "<group>"; };
		DCC2FF6C2AD842E900E9834A /* ContentView.swift */ = {isa = PBXFileReference; lastKnownFileType = sourcecode.swift; path = ContentView.swift; sourceTree = "<group>"; };
		DCC2FF6E2AD842EA00E9834A /* Assets.xcassets */ = {isa = PBXFileReference; lastKnownFileType = folder.assetcatalog; path = Assets.xcassets; sourceTree = "<group>"; };
		DCC2FF712AD842EA00E9834A /* Preview Assets.xcassets */ = {isa = PBXFileReference; lastKnownFileType = folder.assetcatalog; path = "Preview Assets.xcassets"; sourceTree = "<group>"; };
		DCC2FF792AD844EA00E9834A /* HomeView.swift */ = {isa = PBXFileReference; lastKnownFileType = sourcecode.swift; path = HomeView.swift; sourceTree = "<group>"; };
		DCC2FF7B2AD84A3500E9834A /* SearchView.swift */ = {isa = PBXFileReference; lastKnownFileType = sourcecode.swift; path = SearchView.swift; sourceTree = "<group>"; };
		DCC2FF7D2AD84E1E00E9834A /* BusRow.swift */ = {isa = PBXFileReference; lastKnownFileType = sourcecode.swift; path = BusRow.swift; sourceTree = "<group>"; };
		DCC2FF802AD8589700E9834A /* BusList.json */ = {isa = PBXFileReference; fileEncoding = 4; lastKnownFileType = text.json; path = BusList.json; sourceTree = "<group>"; };
		DCC2FF832AD858DD00E9834A /* Bus.swift */ = {isa = PBXFileReference; lastKnownFileType = sourcecode.swift; path = Bus.swift; sourceTree = "<group>"; };
		DCC2FF862AD85A3E00E9834A /* Constants.swift */ = {isa = PBXFileReference; lastKnownFileType = sourcecode.swift; path = Constants.swift; sourceTree = "<group>"; };
		DCC2FF882AD85D4E00E9834A /* BusDetailView.swift */ = {isa = PBXFileReference; lastKnownFileType = sourcecode.swift; path = BusDetailView.swift; sourceTree = "<group>"; };
		DCCC6C1D2ADA945700E95C2D /* AllBustList.swift */ = {isa = PBXFileReference; lastKnownFileType = sourcecode.swift; path = AllBustList.swift; sourceTree = "<group>"; };
/* End PBXFileReference section */

/* Begin PBXFrameworksBuildPhase section */
		DCC2FF642AD842E900E9834A /* Frameworks */ = {
			isa = PBXFrameworksBuildPhase;
			buildActionMask = 2147483647;
			files = (
			);
			runOnlyForDeploymentPostprocessing = 0;
		};
/* End PBXFrameworksBuildPhase section */

/* Begin PBXGroup section */
		DCC2FF5E2AD842E900E9834A = {
			isa = PBXGroup;
			children = (
				DCC2FF692AD842E900E9834A /* Dhaka Wheels */,
				DCC2FF682AD842E900E9834A /* Products */,
			);
			sourceTree = "<group>";
		};
		DCC2FF682AD842E900E9834A /* Products */ = {
			isa = PBXGroup;
			children = (
				DCC2FF672AD842E900E9834A /* Dhaka Wheels.app */,
			);
			name = Products;
			sourceTree = "<group>";
		};
		DCC2FF692AD842E900E9834A /* Dhaka Wheels */ = {
			isa = PBXGroup;
			children = (
				DCC2FF6A2AD842E900E9834A /* Dhaka_WheelsApp.swift */,
				DCC2FF782AD844AE00E9834A /* Views */,
				DCC2FF822AD858C900E9834A /* Models */,
				DCC2FF7F2AD8500000E9834A /* Resources */,
				DCC2FF6E2AD842EA00E9834A /* Assets.xcassets */,
				DCC2FF702AD842EA00E9834A /* Preview Content */,
			);
			path = "Dhaka Wheels";
			sourceTree = "<group>";
		};
		DCC2FF702AD842EA00E9834A /* Preview Content */ = {
			isa = PBXGroup;
			children = (
				DCC2FF712AD842EA00E9834A /* Preview Assets.xcassets */,
			);
			path = "Preview Content";
			sourceTree = "<group>";
		};
		DCC2FF782AD844AE00E9834A /* Views */ = {
			isa = PBXGroup;
			children = (
				DCC2FF6C2AD842E900E9834A /* ContentView.swift */,
				DCC2FF792AD844EA00E9834A /* HomeView.swift */,
				DCC2FF7B2AD84A3500E9834A /* SearchView.swift */,
				DCC2FF7D2AD84E1E00E9834A /* BusRow.swift */,
				DCC2FF882AD85D4E00E9834A /* BusDetailView.swift */,
				DCCC6C1D2ADA945700E95C2D /* AllBustList.swift */,
			);
			path = Views;
			sourceTree = "<group>";
		};
		DCC2FF7F2AD8500000E9834A /* Resources */ = {
			isa = PBXGroup;
			children = (
				DCC2FF802AD8589700E9834A /* BusList.json */,
			);
			path = Resources;
			sourceTree = "<group>";
		};
		DCC2FF822AD858C900E9834A /* Models */ = {
			isa = PBXGroup;
			children = (
				DCC2FF832AD858DD00E9834A /* Bus.swift */,
				DCC2FF862AD85A3E00E9834A /* Constants.swift */,
			);
			path = Models;
			sourceTree = "<group>";
		};
/* End PBXGroup section */

/* Begin PBXNativeTarget section */
		DCC2FF662AD842E900E9834A /* Dhaka Wheels */ = {
			isa = PBXNativeTarget;
			buildConfigurationList = DCC2FF752AD842EA00E9834A /* Build configuration list for PBXNativeTarget "Dhaka Wheels" */;
			buildPhases = (
				DCC2FF632AD842E900E9834A /* Sources */,
				DCC2FF642AD842E900E9834A /* Frameworks */,
				DCC2FF652AD842E900E9834A /* Resources */,
			);
			buildRules = (
			);
			dependencies = (
			);
			name = "Dhaka Wheels";
			productName = "Dhaka Wheels";
			productReference = DCC2FF672AD842E900E9834A /* Dhaka Wheels.app */;
			productType = "com.apple.product-type.application";
		};
/* End PBXNativeTarget section */

/* Begin PBXProject section */
		DCC2FF5F2AD842E900E9834A /* Project object */ = {
			isa = PBXProject;
			attributes = {
				BuildIndependentTargetsInParallel = 1;
				LastSwiftUpdateCheck = 1500;
				LastUpgradeCheck = 1500;
				TargetAttributes = {
					DCC2FF662AD842E900E9834A = {
						CreatedOnToolsVersion = 15.0;
					};
				};
			};
			buildConfigurationList = DCC2FF622AD842E900E9834A /* Build configuration list for PBXProject "Dhaka Wheels" */;
			compatibilityVersion = "Xcode 14.0";
			developmentRegion = en;
			hasScannedForEncodings = 0;
			knownRegions = (
				en,
				Base,
			);
			mainGroup = DCC2FF5E2AD842E900E9834A;
			productRefGroup = DCC2FF682AD842E900E9834A /* Products */;
			projectDirPath = "";
			projectRoot = "";
			targets = (
				DCC2FF662AD842E900E9834A /* Dhaka Wheels */,
			);
		};
/* End PBXProject section */

/* Begin PBXResourcesBuildPhase section */
		DCC2FF652AD842E900E9834A /* Resources */ = {
			isa = PBXResourcesBuildPhase;
			buildActionMask = 2147483647;
			files = (
				DCC2FF722AD842EA00E9834A /* Preview Assets.xcassets in Resources */,
				DCC2FF812AD8589700E9834A /* BusList.json in Resources */,
				DCC2FF6F2AD842EA00E9834A /* Assets.xcassets in Resources */,
			);
			runOnlyForDeploymentPostprocessing = 0;
		};
/* End PBXResourcesBuildPhase section */

/* Begin PBXSourcesBuildPhase section */
		DCC2FF632AD842E900E9834A /* Sources */ = {
			isa = PBXSourcesBuildPhase;
			buildActionMask = 2147483647;
			files = (
				DCC2FF842AD858DD00E9834A /* Bus.swift in Sources */,
				DCC2FF7E2AD84E1E00E9834A /* BusRow.swift in Sources */,
				DCC2FF7C2AD84A3500E9834A /* SearchView.swift in Sources */,
				DCC2FF7A2AD844EA00E9834A /* HomeView.swift in Sources */,
				DCC2FF872AD85A3E00E9834A /* Constants.swift in Sources */,
				DCC2FF6D2AD842E900E9834A /* ContentView.swift in Sources */,
				DCC2FF892AD85D4E00E9834A /* BusDetailView.swift in Sources */,
				DCC2FF6B2AD842E900E9834A /* Dhaka_WheelsApp.swift in Sources */,
				DCCC6C1E2ADA945700E95C2D /* AllBustList.swift in Sources */,
			);
			runOnlyForDeploymentPostprocessing = 0;
		};
/* End PBXSourcesBuildPhase section */

/* Begin XCBuildConfiguration section */
		DCC2FF732AD842EA00E9834A /* Debug */ = {
			isa = XCBuildConfiguration;
			buildSettings = {
				ALWAYS_SEARCH_USER_PATHS = NO;
				ASSETCATALOG_COMPILER_GENERATE_SWIFT_ASSET_SYMBOL_EXTENSIONS = YES;
				CLANG_ANALYZER_NONNULL = YES;
				CLANG_ANALYZER_NUMBER_OBJECT_CONVERSION = YES_AGGRESSIVE;
				CLANG_CXX_LANGUAGE_STANDARD = "gnu++20";
				CLANG_ENABLE_MODULES = YES;
				CLANG_ENABLE_OBJC_ARC = YES;
				CLANG_ENABLE_OBJC_WEAK = YES;
				CLANG_WARN_BLOCK_CAPTURE_AUTORELEASING = YES;
				CLANG_WARN_BOOL_CONVERSION = YES;
				CLANG_WARN_COMMA = YES;
				CLANG_WARN_CONSTANT_CONVERSION = YES;
				CLANG_WARN_DEPRECATED_OBJC_IMPLEMENTATIONS = YES;
				CLANG_WARN_DIRECT_OBJC_ISA_USAGE = YES_ERROR;
				CLANG_WARN_DOCUMENTATION_COMMENTS = YES;
				CLANG_WARN_EMPTY_BODY = YES;
				CLANG_WARN_ENUM_CONVERSION = YES;
				CLANG_WARN_INFINITE_RECURSION = YES;
				CLANG_WARN_INT_CONVERSION = YES;
				CLANG_WARN_NON_LITERAL_NULL_CONVERSION = YES;
				CLANG_WARN_OBJC_IMPLICIT_RETAIN_SELF = YES;
				CLANG_WARN_OBJC_LITERAL_CONVERSION = YES;
				CLANG_WARN_OBJC_ROOT_CLASS = YES_ERROR;
				CLANG_WARN_QUOTED_INCLUDE_IN_FRAMEWORK_HEADER = YES;
				CLANG_WARN_RANGE_LOOP_ANALYSIS = YES;
				CLANG_WARN_STRICT_PROTOTYPES = YES;
				CLANG_WARN_SUSPICIOUS_MOVE = YES;
				CLANG_WARN_UNGUARDED_AVAILABILITY = YES_AGGRESSIVE;
				CLANG_WARN_UNREACHABLE_CODE = YES;
				CLANG_WARN__DUPLICATE_METHOD_MATCH = YES;
				COPY_PHASE_STRIP = NO;
				DEBUG_INFORMATION_FORMAT = dwarf;
				ENABLE_STRICT_OBJC_MSGSEND = YES;
				ENABLE_TESTABILITY = YES;
				ENABLE_USER_SCRIPT_SANDBOXING = YES;
				GCC_C_LANGUAGE_STANDARD = gnu17;
				GCC_DYNAMIC_NO_PIC = NO;
				GCC_NO_COMMON_BLOCKS = YES;
				GCC_OPTIMIZATION_LEVEL = 0;
				GCC_PREPROCESSOR_DEFINITIONS = (
					"DEBUG=1",
					"$(inherited)",
				);
				GCC_WARN_64_TO_32_BIT_CONVERSION = YES;
				GCC_WARN_ABOUT_RETURN_TYPE = YES_ERROR;
				GCC_WARN_UNDECLARED_SELECTOR = YES;
				GCC_WARN_UNINITIALIZED_AUTOS = YES_AGGRESSIVE;
				GCC_WARN_UNUSED_FUNCTION = YES;
				GCC_WARN_UNUSED_VARIABLE = YES;
				IPHONEOS_DEPLOYMENT_TARGET = 17.0;
				LOCALIZATION_PREFERS_STRING_CATALOGS = YES;
				MTL_ENABLE_DEBUG_INFO = INCLUDE_SOURCE;
				MTL_FAST_MATH = YES;
				ONLY_ACTIVE_ARCH = YES;
				SDKROOT = iphoneos;
				SWIFT_ACTIVE_COMPILATION_CONDITIONS = "DEBUG $(inherited)";
				SWIFT_OPTIMIZATION_LEVEL = "-Onone";
			};
			name = Debug;
		};
		DCC2FF742AD842EA00E9834A /* Release */ = {
			isa = XCBuildConfiguration;
			buildSettings = {
				ALWAYS_SEARCH_USER_PATHS = NO;
				ASSETCATALOG_COMPILER_GENERATE_SWIFT_ASSET_SYMBOL_EXTENSIONS = YES;
				CLANG_ANALYZER_NONNULL = YES;
				CLANG_ANALYZER_NUMBER_OBJECT_CONVERSION = YES_AGGRESSIVE;
				CLANG_CXX_LANGUAGE_STANDARD = "gnu++20";
				CLANG_ENABLE_MODULES = YES;
				CLANG_ENABLE_OBJC_ARC = YES;
				CLANG_ENABLE_OBJC_WEAK = YES;
				CLANG_WARN_BLOCK_CAPTURE_AUTORELEASING = YES;
				CLANG_WARN_BOOL_CONVERSION = YES;
				CLANG_WARN_COMMA = YES;
				CLANG_WARN_CONSTANT_CONVERSION = YES;
				CLANG_WARN_DEPRECATED_OBJC_IMPLEMENTATIONS = YES;
				CLANG_WARN_DIRECT_OBJC_ISA_USAGE = YES_ERROR;
				CLANG_WARN_DOCUMENTATION_COMMENTS = YES;
				CLANG_WARN_EMPTY_BODY = YES;
				CLANG_WARN_ENUM_CONVERSION = YES;
				CLANG_WARN_INFINITE_RECURSION = YES;
				CLANG_WARN_INT_CONVERSION = YES;
				CLANG_WARN_NON_LITERAL_NULL_CONVERSION = YES;
				CLANG_WARN_OBJC_IMPLICIT_RETAIN_SELF = YES;
				CLANG_WARN_OBJC_LITERAL_CONVERSION = YES;
				CLANG_WARN_OBJC_ROOT_CLASS = YES_ERROR;
				CLANG_WARN_QUOTED_INCLUDE_IN_FRAMEWORK_HEADER = YES;
				CLANG_WARN_RANGE_LOOP_ANALYSIS = YES;
				CLANG_WARN_STRICT_PROTOTYPES = YES;
				CLANG_WARN_SUSPICIOUS_MOVE = YES;
				CLANG_WARN_UNGUARDED_AVAILABILITY = YES_AGGRESSIVE;
				CLANG_WARN_UNREACHABLE_CODE = YES;
				CLANG_WARN__DUPLICATE_METHOD_MATCH = YES;
				COPY_PHASE_STRIP = NO;
				DEBUG_INFORMATION_FORMAT = "dwarf-with-dsym";
				ENABLE_NS_ASSERTIONS = NO;
				ENABLE_STRICT_OBJC_MSGSEND = YES;
				ENABLE_USER_SCRIPT_SANDBOXING = YES;
				GCC_C_LANGUAGE_STANDARD = gnu17;
				GCC_NO_COMMON_BLOCKS = YES;
				GCC_WARN_64_TO_32_BIT_CONVERSION = YES;
				GCC_WARN_ABOUT_RETURN_TYPE = YES_ERROR;
				GCC_WARN_UNDECLARED_SELECTOR = YES;
				GCC_WARN_UNINITIALIZED_AUTOS = YES_AGGRESSIVE;
				GCC_WARN_UNUSED_FUNCTION = YES;
				GCC_WARN_UNUSED_VARIABLE = YES;
				IPHONEOS_DEPLOYMENT_TARGET = 17.0;
				LOCALIZATION_PREFERS_STRING_CATALOGS = YES;
				MTL_ENABLE_DEBUG_INFO = NO;
				MTL_FAST_MATH = YES;
				SDKROOT = iphoneos;
				SWIFT_COMPILATION_MODE = wholemodule;
				VALIDATE_PRODUCT = YES;
			};
			name = Release;
		};
		DCC2FF762AD842EA00E9834A /* Debug */ = {
			isa = XCBuildConfiguration;
			buildSettings = {
				ASSETCATALOG_COMPILER_APPICON_NAME = AppIcon;
				ASSETCATALOG_COMPILER_GLOBAL_ACCENT_COLOR_NAME = AccentColor;
				CODE_SIGN_STYLE = Automatic;
				CURRENT_PROJECT_VERSION = 1;
				DEVELOPMENT_ASSET_PATHS = "\"Dhaka Wheels/Preview Content\"";
				DEVELOPMENT_TEAM = 3Y9S8RQJ87;
				ENABLE_PREVIEWS = YES;
				GENERATE_INFOPLIST_FILE = YES;
				INFOPLIST_KEY_UIApplicationSceneManifest_Generation = YES;
				INFOPLIST_KEY_UIApplicationSupportsIndirectInputEvents = YES;
				INFOPLIST_KEY_UILaunchScreen_Generation = YES;
				INFOPLIST_KEY_UISupportedInterfaceOrientations_iPad = "UIInterfaceOrientationPortrait UIInterfaceOrientationPortraitUpsideDown UIInterfaceOrientationLandscapeLeft UIInterfaceOrientationLandscapeRight";
				INFOPLIST_KEY_UISupportedInterfaceOrientations_iPhone = "UIInterfaceOrientationPortrait UIInterfaceOrientationLandscapeLeft UIInterfaceOrientationLandscapeRight";
				LD_RUNPATH_SEARCH_PATHS = (
					"$(inherited)",
					"@executable_path/Frameworks",
				);
				MARKETING_VERSION = 1.0;
				PRODUCT_BUNDLE_IDENTIFIER = "com.github.asad51.Dhaka-Wheels";
				PRODUCT_NAME = "$(TARGET_NAME)";
				SWIFT_EMIT_LOC_STRINGS = YES;
				SWIFT_VERSION = 5.0;
				TARGETED_DEVICE_FAMILY = "1,2";
			};
			name = Debug;
		};
		DCC2FF772AD842EA00E9834A /* Release */ = {
			isa = XCBuildConfiguration;
			buildSettings = {
				ASSETCATALOG_COMPILER_APPICON_NAME = AppIcon;
				ASSETCATALOG_COMPILER_GLOBAL_ACCENT_COLOR_NAME = AccentColor;
				CODE_SIGN_STYLE = Automatic;
				CURRENT_PROJECT_VERSION = 1;
				DEVELOPMENT_ASSET_PATHS = "\"Dhaka Wheels/Preview Content\"";
				DEVELOPMENT_TEAM = 3Y9S8RQJ87;
				ENABLE_PREVIEWS = YES;
				GENERATE_INFOPLIST_FILE = YES;
				INFOPLIST_KEY_UIApplicationSceneManifest_Generation = YES;
				INFOPLIST_KEY_UIApplicationSupportsIndirectInputEvents = YES;
				INFOPLIST_KEY_UILaunchScreen_Generation = YES;
				INFOPLIST_KEY_UISupportedInterfaceOrientations_iPad = "UIInterfaceOrientationPortrait UIInterfaceOrientationPortraitUpsideDown UIInterfaceOrientationLandscapeLeft UIInterfaceOrientationLandscapeRight";
				INFOPLIST_KEY_UISupportedInterfaceOrientations_iPhone = "UIInterfaceOrientationPortrait UIInterfaceOrientationLandscapeLeft UIInterfaceOrientationLandscapeRight";
				LD_RUNPATH_SEARCH_PATHS = (
					"$(inherited)",
					"@executable_path/Frameworks",
				);
				MARKETING_VERSION = 1.0;
				PRODUCT_BUNDLE_IDENTIFIER = "com.github.asad51.Dhaka-Wheels";
				PRODUCT_NAME = "$(TARGET_NAME)";
				SWIFT_EMIT_LOC_STRINGS = YES;
				SWIFT_VERSION = 5.0;
				TARGETED_DEVICE_FAMILY = "1,2";
			};
			name = Release;
		};
/* End XCBuildConfiguration section */

/* Begin XCConfigurationList section */
		DCC2FF622AD842E900E9834A /* Build configuration list for PBXProject "Dhaka Wheels" */ = {
			isa = XCConfigurationList;
			buildConfigurations = (
				DCC2FF732AD842EA00E9834A /* Debug */,
				DCC2FF742AD842EA00E9834A /* Release */,
			);
			defaultConfigurationIsVisible = 0;
			defaultConfigurationName = Release;
		};
		DCC2FF752AD842EA00E9834A /* Build configuration list for PBXNativeTarget "Dhaka Wheels" */ = {
			isa = XCConfigurationList;
			buildConfigurations = (
				DCC2FF762AD842EA00E9834A /* Debug */,
				DCC2FF772AD842EA00E9834A /* Release */,
			);
			defaultConfigurationIsVisible = 0;
			defaultConfigurationName = Release;
		};
/* End XCConfigurationList section */
	};
	rootObject = DCC2FF5F2AD842E900E9834A /* Project object */;
}
