// !$*UTF8*$!
{
	archiveVersion = 1;
	classes = {
	};
	objectVersion = 56;
	objects = {

/* Begin PBXBuildFile section */
		DC689C3B2ADB228F00F03E07 /* FirebaseUpdatorApp.swift in Sources */ = {isa = PBXBuildFile; fileRef = DC689C3A2ADB228F00F03E07 /* FirebaseUpdatorApp.swift */; };
		DC689C3D2ADB228F00F03E07 /* ContentView.swift in Sources */ = {isa = PBXBuildFile; fileRef = DC689C3C2ADB228F00F03E07 /* ContentView.swift */; };
		DC689C3F2ADB229000F03E07 /* Assets.xcassets in Resources */ = {isa = PBXBuildFile; fileRef = DC689C3E2ADB229000F03E07 /* Assets.xcassets */; };
		DC689C422ADB229000F03E07 /* Preview Assets.xcassets in Resources */ = {isa = PBXBuildFile; fileRef = DC689C412ADB229000F03E07 /* Preview Assets.xcassets */; };
		DC689C472ADB22DE00F03E07 /* FirebaseAnalytics in Frameworks */ = {isa = PBXBuildFile; productRef = DC689C462ADB22DE00F03E07 /* FirebaseAnalytics */; };
		DC689C492ADB22DE00F03E07 /* FirebaseAnalyticsOnDeviceConversion in Frameworks */ = {isa = PBXBuildFile; productRef = DC689C482ADB22DE00F03E07 /* FirebaseAnalyticsOnDeviceConversion */; };
		DC689C4B2ADB22DE00F03E07 /* FirebaseAnalyticsSwift in Frameworks */ = {isa = PBXBuildFile; productRef = DC689C4A2ADB22DE00F03E07 /* FirebaseAnalyticsSwift */; };
		DC689C4D2ADB22DE00F03E07 /* FirebaseAnalyticsWithoutAdIdSupport in Frameworks */ = {isa = PBXBuildFile; productRef = DC689C4C2ADB22DE00F03E07 /* FirebaseAnalyticsWithoutAdIdSupport */; };
		DC689C4F2ADB22DE00F03E07 /* FirebaseAppCheck in Frameworks */ = {isa = PBXBuildFile; productRef = DC689C4E2ADB22DE00F03E07 /* FirebaseAppCheck */; };
		DC689C512ADB22DE00F03E07 /* FirebaseAppDistribution-Beta in Frameworks */ = {isa = PBXBuildFile; productRef = DC689C502ADB22DE00F03E07 /* FirebaseAppDistribution-Beta */; };
		DC689C532ADB22DE00F03E07 /* FirebaseAuth in Frameworks */ = {isa = PBXBuildFile; productRef = DC689C522ADB22DE00F03E07 /* FirebaseAuth */; };
		DC689C552ADB22DE00F03E07 /* FirebaseAuthCombine-Community in Frameworks */ = {isa = PBXBuildFile; productRef = DC689C542ADB22DE00F03E07 /* FirebaseAuthCombine-Community */; };
		DC689C572ADB22DE00F03E07 /* FirebaseCrashlytics in Frameworks */ = {isa = PBXBuildFile; productRef = DC689C562ADB22DE00F03E07 /* FirebaseCrashlytics */; };
		DC689C592ADB22DE00F03E07 /* FirebaseDatabase in Frameworks */ = {isa = PBXBuildFile; productRef = DC689C582ADB22DE00F03E07 /* FirebaseDatabase */; };
		DC689C5B2ADB22DE00F03E07 /* FirebaseDatabaseSwift in Frameworks */ = {isa = PBXBuildFile; productRef = DC689C5A2ADB22DE00F03E07 /* FirebaseDatabaseSwift */; };
		DC689C5D2ADB22DE00F03E07 /* FirebaseDynamicLinks in Frameworks */ = {isa = PBXBuildFile; productRef = DC689C5C2ADB22DE00F03E07 /* FirebaseDynamicLinks */; };
		DC689C5F2ADB22DE00F03E07 /* FirebaseFirestore in Frameworks */ = {isa = PBXBuildFile; productRef = DC689C5E2ADB22DE00F03E07 /* FirebaseFirestore */; };
		DC689C612ADB22DE00F03E07 /* FirebaseFirestoreCombine-Community in Frameworks */ = {isa = PBXBuildFile; productRef = DC689C602ADB22DE00F03E07 /* FirebaseFirestoreCombine-Community */; };
		DC689C632ADB22DE00F03E07 /* FirebaseFirestoreSwift in Frameworks */ = {isa = PBXBuildFile; productRef = DC689C622ADB22DE00F03E07 /* FirebaseFirestoreSwift */; };
		DC689C652ADB22DF00F03E07 /* FirebaseFunctions in Frameworks */ = {isa = PBXBuildFile; productRef = DC689C642ADB22DF00F03E07 /* FirebaseFunctions */; };
		DC689C672ADB22DF00F03E07 /* FirebaseFunctionsCombine-Community in Frameworks */ = {isa = PBXBuildFile; productRef = DC689C662ADB22DF00F03E07 /* FirebaseFunctionsCombine-Community */; };
		DC689C692ADB22DF00F03E07 /* FirebaseInAppMessaging-Beta in Frameworks */ = {isa = PBXBuildFile; productRef = DC689C682ADB22DF00F03E07 /* FirebaseInAppMessaging-Beta */; };
		DC689C6B2ADB22DF00F03E07 /* FirebaseInAppMessagingSwift-Beta in Frameworks */ = {isa = PBXBuildFile; productRef = DC689C6A2ADB22DF00F03E07 /* FirebaseInAppMessagingSwift-Beta */; };
		DC689C6D2ADB22DF00F03E07 /* FirebaseInstallations in Frameworks */ = {isa = PBXBuildFile; productRef = DC689C6C2ADB22DF00F03E07 /* FirebaseInstallations */; };
		DC689C6F2ADB22DF00F03E07 /* FirebaseMLModelDownloader in Frameworks */ = {isa = PBXBuildFile; productRef = DC689C6E2ADB22DF00F03E07 /* FirebaseMLModelDownloader */; };
		DC689C712ADB22DF00F03E07 /* FirebaseMessaging in Frameworks */ = {isa = PBXBuildFile; productRef = DC689C702ADB22DF00F03E07 /* FirebaseMessaging */; };
		DC689C732ADB22DF00F03E07 /* FirebasePerformance in Frameworks */ = {isa = PBXBuildFile; productRef = DC689C722ADB22DF00F03E07 /* FirebasePerformance */; };
		DC689C752ADB22DF00F03E07 /* FirebaseRemoteConfig in Frameworks */ = {isa = PBXBuildFile; productRef = DC689C742ADB22DF00F03E07 /* FirebaseRemoteConfig */; };
		DC689C772ADB22DF00F03E07 /* FirebaseRemoteConfigSwift in Frameworks */ = {isa = PBXBuildFile; productRef = DC689C762ADB22DF00F03E07 /* FirebaseRemoteConfigSwift */; };
		DC689C792ADB22DF00F03E07 /* FirebaseStorage in Frameworks */ = {isa = PBXBuildFile; productRef = DC689C782ADB22DF00F03E07 /* FirebaseStorage */; };
		DC689C7B2ADB22DF00F03E07 /* FirebaseStorageCombine-Community in Frameworks */ = {isa = PBXBuildFile; productRef = DC689C7A2ADB22DF00F03E07 /* FirebaseStorageCombine-Community */; };
		DC689C7C2ADB239E00F03E07 /* GoogleService-Info.plist in Resources */ = {isa = PBXBuildFile; fileRef = DCD8B5D82ADB0AA20039F12F /* GoogleService-Info.plist */; };
		DC689C7E2ADB254800F03E07 /* AddBus.swift in Sources */ = {isa = PBXBuildFile; fileRef = DC689C7D2ADB254800F03E07 /* AddBus.swift */; };
		DC689C842ADB2FE200F03E07 /* Stoppage.swift in Sources */ = {isa = PBXBuildFile; fileRef = DCCC6C212ADAAC2700E95C2D /* Stoppage.swift */; };
		DCABFED52ADBAE42004DD6CF /* SelectedStoppage.swift in Sources */ = {isa = PBXBuildFile; fileRef = DCABFED42ADBAE42004DD6CF /* SelectedStoppage.swift */; };
		DCABFEDB2ADBCCA7004DD6CF /* AddStoppage.swift in Sources */ = {isa = PBXBuildFile; fileRef = DCABFEDA2ADBCCA7004DD6CF /* AddStoppage.swift */; };
		DCB123B22B2384AD00091644 /* CommonUtility.swift in Sources */ = {isa = PBXBuildFile; fileRef = DCB123B12B2384AD00091644 /* CommonUtility.swift */; };
		DCC2FF6B2AD842E900E9834A /* Dhaka_WheelsApp.swift in Sources */ = {isa = PBXBuildFile; fileRef = DCC2FF6A2AD842E900E9834A /* Dhaka_WheelsApp.swift */; };
		DCC2FF6D2AD842E900E9834A /* ContentView.swift in Sources */ = {isa = PBXBuildFile; fileRef = DCC2FF6C2AD842E900E9834A /* ContentView.swift */; };
		DCC2FF6F2AD842EA00E9834A /* Assets.xcassets in Resources */ = {isa = PBXBuildFile; fileRef = DCC2FF6E2AD842EA00E9834A /* Assets.xcassets */; };
		DCC2FF722AD842EA00E9834A /* Preview Assets.xcassets in Resources */ = {isa = PBXBuildFile; fileRef = DCC2FF712AD842EA00E9834A /* Preview Assets.xcassets */; };
		DCC2FF7C2AD84A3500E9834A /* SearchView.swift in Sources */ = {isa = PBXBuildFile; fileRef = DCC2FF7B2AD84A3500E9834A /* SearchView.swift */; };
		DCC2FF7E2AD84E1E00E9834A /* BusRow.swift in Sources */ = {isa = PBXBuildFile; fileRef = DCC2FF7D2AD84E1E00E9834A /* BusRow.swift */; };
		DCC2FF812AD8589700E9834A /* BusList.json in Resources */ = {isa = PBXBuildFile; fileRef = DCC2FF802AD8589700E9834A /* BusList.json */; };
		DCC2FF842AD858DD00E9834A /* Bus.swift in Sources */ = {isa = PBXBuildFile; fileRef = DCC2FF832AD858DD00E9834A /* Bus.swift */; };
		DCC2FF872AD85A3E00E9834A /* Constants.swift in Sources */ = {isa = PBXBuildFile; fileRef = DCC2FF862AD85A3E00E9834A /* Constants.swift */; };
		DCC2FF892AD85D4E00E9834A /* BusDetailView.swift in Sources */ = {isa = PBXBuildFile; fileRef = DCC2FF882AD85D4E00E9834A /* BusDetailView.swift */; };
		DCC4F8872B2B80EA000728D6 /* AllBusList.swift in Sources */ = {isa = PBXBuildFile; fileRef = DCC4F8862B2B80EA000728D6 /* AllBusList.swift */; };
		DCCC6C202ADA996C00E95C2D /* MapView.swift in Sources */ = {isa = PBXBuildFile; fileRef = DCCC6C1F2ADA996C00E95C2D /* MapView.swift */; };
		DCCC6C222ADAAC2700E95C2D /* Stoppage.swift in Sources */ = {isa = PBXBuildFile; fileRef = DCCC6C212ADAAC2700E95C2D /* Stoppage.swift */; };
		DCCCE9C42AED9427001EFA95 /* Color+Extensions.swift in Sources */ = {isa = PBXBuildFile; fileRef = DCCCE9C32AED9427001EFA95 /* Color+Extensions.swift */; };
		DCCF91582B278B1D00290117 /* SearchViewLabelImage.swift in Sources */ = {isa = PBXBuildFile; fileRef = DCCF91572B278B1D00290117 /* SearchViewLabelImage.swift */; };
		DCCF915A2B278C4900290117 /* SearchFieldModifier.swift in Sources */ = {isa = PBXBuildFile; fileRef = DCCF91592B278C4900290117 /* SearchFieldModifier.swift */; };
		DCCFA2942AE0596400D2F741 /* String+Extensions.swift in Sources */ = {isa = PBXBuildFile; fileRef = DCCFA2932AE0596400D2F741 /* String+Extensions.swift */; };
		DCCFA2952AE0596400D2F741 /* String+Extensions.swift in Sources */ = {isa = PBXBuildFile; fileRef = DCCFA2932AE0596400D2F741 /* String+Extensions.swift */; };
		DCCFA2972AE061E900D2F741 /* SuggestionMenuView.swift in Sources */ = {isa = PBXBuildFile; fileRef = DCCFA2962AE061E900D2F741 /* SuggestionMenuView.swift */; };
		DCCFA2982AE061E900D2F741 /* SuggestionMenuView.swift in Sources */ = {isa = PBXBuildFile; fileRef = DCCFA2962AE061E900D2F741 /* SuggestionMenuView.swift */; };
		DCD73E262AEC2C3600B76128 /* FirebaseData.swift in Sources */ = {isa = PBXBuildFile; fileRef = DC689C812ADB2F6100F03E07 /* FirebaseData.swift */; };
		DCD73E272AEC2C3F00B76128 /* FirebaseData.swift in Sources */ = {isa = PBXBuildFile; fileRef = DC689C812ADB2F6100F03E07 /* FirebaseData.swift */; };
		DCD8B5D92ADB0AA20039F12F /* GoogleService-Info.plist in Resources */ = {isa = PBXBuildFile; fileRef = DCD8B5D82ADB0AA20039F12F /* GoogleService-Info.plist */; };
		DCD8B5DC2ADB0B890039F12F /* FirebaseAnalytics in Frameworks */ = {isa = PBXBuildFile; productRef = DCD8B5DB2ADB0B890039F12F /* FirebaseAnalytics */; };
		DCD8B5DE2ADB0B890039F12F /* FirebaseAnalyticsOnDeviceConversion in Frameworks */ = {isa = PBXBuildFile; productRef = DCD8B5DD2ADB0B890039F12F /* FirebaseAnalyticsOnDeviceConversion */; };
		DCD8B5E02ADB0B890039F12F /* FirebaseAnalyticsSwift in Frameworks */ = {isa = PBXBuildFile; productRef = DCD8B5DF2ADB0B890039F12F /* FirebaseAnalyticsSwift */; };
		DCD8B5E22ADB0B890039F12F /* FirebaseAnalyticsWithoutAdIdSupport in Frameworks */ = {isa = PBXBuildFile; productRef = DCD8B5E12ADB0B890039F12F /* FirebaseAnalyticsWithoutAdIdSupport */; };
		DCD8B5E42ADB0B890039F12F /* FirebaseAppCheck in Frameworks */ = {isa = PBXBuildFile; productRef = DCD8B5E32ADB0B890039F12F /* FirebaseAppCheck */; };
		DCD8B5E62ADB0B890039F12F /* FirebaseAppDistribution-Beta in Frameworks */ = {isa = PBXBuildFile; productRef = DCD8B5E52ADB0B890039F12F /* FirebaseAppDistribution-Beta */; };
		DCD8B5E82ADB0B890039F12F /* FirebaseAuth in Frameworks */ = {isa = PBXBuildFile; productRef = DCD8B5E72ADB0B890039F12F /* FirebaseAuth */; };
		DCD8B5EA2ADB0B890039F12F /* FirebaseAuthCombine-Community in Frameworks */ = {isa = PBXBuildFile; productRef = DCD8B5E92ADB0B890039F12F /* FirebaseAuthCombine-Community */; };
		DCD8B5EC2ADB0B890039F12F /* FirebaseCrashlytics in Frameworks */ = {isa = PBXBuildFile; productRef = DCD8B5EB2ADB0B890039F12F /* FirebaseCrashlytics */; };
		DCD8B5EE2ADB0B890039F12F /* FirebaseDatabase in Frameworks */ = {isa = PBXBuildFile; productRef = DCD8B5ED2ADB0B890039F12F /* FirebaseDatabase */; };
		DCD8B5F02ADB0B890039F12F /* FirebaseDatabaseSwift in Frameworks */ = {isa = PBXBuildFile; productRef = DCD8B5EF2ADB0B890039F12F /* FirebaseDatabaseSwift */; };
		DCD8B5F22ADB0B890039F12F /* FirebaseDynamicLinks in Frameworks */ = {isa = PBXBuildFile; productRef = DCD8B5F12ADB0B890039F12F /* FirebaseDynamicLinks */; };
		DCD8B5F42ADB0B890039F12F /* FirebaseFirestore in Frameworks */ = {isa = PBXBuildFile; productRef = DCD8B5F32ADB0B890039F12F /* FirebaseFirestore */; };
		DCD8B5F62ADB0B890039F12F /* FirebaseFirestoreCombine-Community in Frameworks */ = {isa = PBXBuildFile; productRef = DCD8B5F52ADB0B890039F12F /* FirebaseFirestoreCombine-Community */; };
		DCD8B5F82ADB0B890039F12F /* FirebaseFirestoreSwift in Frameworks */ = {isa = PBXBuildFile; productRef = DCD8B5F72ADB0B890039F12F /* FirebaseFirestoreSwift */; };
		DCD8B5FA2ADB0B890039F12F /* FirebaseFunctions in Frameworks */ = {isa = PBXBuildFile; productRef = DCD8B5F92ADB0B890039F12F /* FirebaseFunctions */; };
		DCD8B5FC2ADB0B890039F12F /* FirebaseFunctionsCombine-Community in Frameworks */ = {isa = PBXBuildFile; productRef = DCD8B5FB2ADB0B890039F12F /* FirebaseFunctionsCombine-Community */; };
		DCD8B5FE2ADB0B890039F12F /* FirebaseInAppMessaging-Beta in Frameworks */ = {isa = PBXBuildFile; productRef = DCD8B5FD2ADB0B890039F12F /* FirebaseInAppMessaging-Beta */; };
		DCD8B6002ADB0B890039F12F /* FirebaseInAppMessagingSwift-Beta in Frameworks */ = {isa = PBXBuildFile; productRef = DCD8B5FF2ADB0B890039F12F /* FirebaseInAppMessagingSwift-Beta */; };
		DCD8B6022ADB0B890039F12F /* FirebaseInstallations in Frameworks */ = {isa = PBXBuildFile; productRef = DCD8B6012ADB0B890039F12F /* FirebaseInstallations */; };
		DCD8B6042ADB0B890039F12F /* FirebaseMLModelDownloader in Frameworks */ = {isa = PBXBuildFile; productRef = DCD8B6032ADB0B890039F12F /* FirebaseMLModelDownloader */; };
		DCD8B6062ADB0B890039F12F /* FirebaseMessaging in Frameworks */ = {isa = PBXBuildFile; productRef = DCD8B6052ADB0B890039F12F /* FirebaseMessaging */; };
		DCD8B6082ADB0B890039F12F /* FirebasePerformance in Frameworks */ = {isa = PBXBuildFile; productRef = DCD8B6072ADB0B890039F12F /* FirebasePerformance */; };
		DCD8B60A2ADB0B890039F12F /* FirebaseRemoteConfig in Frameworks */ = {isa = PBXBuildFile; productRef = DCD8B6092ADB0B890039F12F /* FirebaseRemoteConfig */; };
		DCD8B60C2ADB0B890039F12F /* FirebaseRemoteConfigSwift in Frameworks */ = {isa = PBXBuildFile; productRef = DCD8B60B2ADB0B890039F12F /* FirebaseRemoteConfigSwift */; };
		DCD8B60E2ADB0B890039F12F /* FirebaseStorage in Frameworks */ = {isa = PBXBuildFile; productRef = DCD8B60D2ADB0B890039F12F /* FirebaseStorage */; };
		DCD8B6102ADB0B890039F12F /* FirebaseStorageCombine-Community in Frameworks */ = {isa = PBXBuildFile; productRef = DCD8B60F2ADB0B890039F12F /* FirebaseStorageCombine-Community */; };
		DCDD02A82AE78DF100B59B26 /* CocoaLumberjack in Frameworks */ = {isa = PBXBuildFile; productRef = DCDD02A72AE78DF100B59B26 /* CocoaLumberjack */; };
		DCDD02AA2AE78DF100B59B26 /* CocoaLumberjackSwift in Frameworks */ = {isa = PBXBuildFile; productRef = DCDD02A92AE78DF100B59B26 /* CocoaLumberjackSwift */; };
		DCDD02AC2AE78DF100B59B26 /* CocoaLumberjackSwiftLogBackend in Frameworks */ = {isa = PBXBuildFile; productRef = DCDD02AB2AE78DF100B59B26 /* CocoaLumberjackSwiftLogBackend */; };
		DCDD02AF2AE78E4500B59B26 /* DWLogger.swift in Sources */ = {isa = PBXBuildFile; fileRef = DCDD02AE2AE78E4500B59B26 /* DWLogger.swift */; };
		DCDD02B12AE7984A00B59B26 /* Bus.swift in Sources */ = {isa = PBXBuildFile; fileRef = DCC2FF832AD858DD00E9834A /* Bus.swift */; };
		DCDD02B32AE7986F00B59B26 /* CocoaLumberjack in Frameworks */ = {isa = PBXBuildFile; productRef = DCDD02B22AE7986F00B59B26 /* CocoaLumberjack */; };
		DCDD02B52AE7986F00B59B26 /* CocoaLumberjackSwift in Frameworks */ = {isa = PBXBuildFile; productRef = DCDD02B42AE7986F00B59B26 /* CocoaLumberjackSwift */; };
		DCDD02B72AE7986F00B59B26 /* CocoaLumberjackSwiftLogBackend in Frameworks */ = {isa = PBXBuildFile; productRef = DCDD02B62AE7986F00B59B26 /* CocoaLumberjackSwiftLogBackend */; };
		DCDD02B82AE7987F00B59B26 /* DWLogger.swift in Sources */ = {isa = PBXBuildFile; fileRef = DCDD02AE2AE78E4500B59B26 /* DWLogger.swift */; };
		DCDD02BD2AE8573F00B59B26 /* NavbarAccessor.swift in Sources */ = {isa = PBXBuildFile; fileRef = DCDD02BC2AE8573F00B59B26 /* NavbarAccessor.swift */; };
		DCDD02BE2AE8573F00B59B26 /* NavbarAccessor.swift in Sources */ = {isa = PBXBuildFile; fileRef = DCDD02BC2AE8573F00B59B26 /* NavbarAccessor.swift */; };
		DCDDCEF32AE6EA3600E5207C /* Constants.swift in Sources */ = {isa = PBXBuildFile; fileRef = DCC2FF862AD85A3E00E9834A /* Constants.swift */; };
		DCDDCEF52AE7015400E5207C /* Double+Extensions.swift in Sources */ = {isa = PBXBuildFile; fileRef = DCDDCEF42AE7015400E5207C /* Double+Extensions.swift */; };
		DCE259352B1F808000E05CE0 /* BusRowNavigationView.swift in Sources */ = {isa = PBXBuildFile; fileRef = DCE259342B1F808000E05CE0 /* BusRowNavigationView.swift */; };
		DCE3FE682AE195CB00CD1627 /* SuggestionRow.swift in Sources */ = {isa = PBXBuildFile; fileRef = DCE3FE672AE195CB00CD1627 /* SuggestionRow.swift */; };
		DCE3FE692AE195CB00CD1627 /* SuggestionRow.swift in Sources */ = {isa = PBXBuildFile; fileRef = DCE3FE672AE195CB00CD1627 /* SuggestionRow.swift */; };
		DCE3FE6B2AE196AC00CD1627 /* Suggestion.swift in Sources */ = {isa = PBXBuildFile; fileRef = DCE3FE6A2AE196AC00CD1627 /* Suggestion.swift */; };
		DCE3FE6C2AE196AC00CD1627 /* Suggestion.swift in Sources */ = {isa = PBXBuildFile; fileRef = DCE3FE6A2AE196AC00CD1627 /* Suggestion.swift */; };
		DCE6CD902AF0214500468C0D /* DWLogFormatter.swift in Sources */ = {isa = PBXBuildFile; fileRef = DCE6CD8F2AF0214500468C0D /* DWLogFormatter.swift */; };
		DCE6CD912AF0214500468C0D /* DWLogFormatter.swift in Sources */ = {isa = PBXBuildFile; fileRef = DCE6CD8F2AF0214500468C0D /* DWLogFormatter.swift */; };
		DCE6CD932AF0238F00468C0D /* Logging.swift in Sources */ = {isa = PBXBuildFile; fileRef = DCE6CD922AF0238F00468C0D /* Logging.swift */; };
		DCE6CD942AF0238F00468C0D /* Logging.swift in Sources */ = {isa = PBXBuildFile; fileRef = DCE6CD922AF0238F00468C0D /* Logging.swift */; };
		DCF3A2FD2B24EB5100BD8303 /* View+Extensions.swift in Sources */ = {isa = PBXBuildFile; fileRef = DCF3A2FC2B24EB5100BD8303 /* View+Extensions.swift */; };
		DCF3A3002B24EDBB00BD8303 /* NavigationBarBackButtonTitleModifier.swift in Sources */ = {isa = PBXBuildFile; fileRef = DCF3A2FF2B24EDBB00BD8303 /* NavigationBarBackButtonTitleModifier.swift */; };
/* End PBXBuildFile section */

/* Begin PBXFileReference section */
		DC689C382ADB228F00F03E07 /* FirebaseUpdator.app */ = {isa = PBXFileReference; explicitFileType = wrapper.application; includeInIndex = 0; path = FirebaseUpdator.app; sourceTree = BUILT_PRODUCTS_DIR; };
		DC689C3A2ADB228F00F03E07 /* FirebaseUpdatorApp.swift */ = {isa = PBXFileReference; lastKnownFileType = sourcecode.swift; path = FirebaseUpdatorApp.swift; sourceTree = "<group>"; };
		DC689C3C2ADB228F00F03E07 /* ContentView.swift */ = {isa = PBXFileReference; lastKnownFileType = sourcecode.swift; path = ContentView.swift; sourceTree = "<group>"; };
		DC689C3E2ADB229000F03E07 /* Assets.xcassets */ = {isa = PBXFileReference; lastKnownFileType = folder.assetcatalog; path = Assets.xcassets; sourceTree = "<group>"; };
		DC689C412ADB229000F03E07 /* Preview Assets.xcassets */ = {isa = PBXFileReference; lastKnownFileType = folder.assetcatalog; path = "Preview Assets.xcassets"; sourceTree = "<group>"; };
		DC689C7D2ADB254800F03E07 /* AddBus.swift */ = {isa = PBXFileReference; lastKnownFileType = sourcecode.swift; path = AddBus.swift; sourceTree = "<group>"; };
		DC689C812ADB2F6100F03E07 /* FirebaseData.swift */ = {isa = PBXFileReference; lastKnownFileType = sourcecode.swift; path = FirebaseData.swift; sourceTree = "<group>"; };
		DCABFED42ADBAE42004DD6CF /* SelectedStoppage.swift */ = {isa = PBXFileReference; lastKnownFileType = sourcecode.swift; path = SelectedStoppage.swift; sourceTree = "<group>"; };
		DCABFEDA2ADBCCA7004DD6CF /* AddStoppage.swift */ = {isa = PBXFileReference; lastKnownFileType = sourcecode.swift; path = AddStoppage.swift; sourceTree = "<group>"; };
		DCB123B12B2384AD00091644 /* CommonUtility.swift */ = {isa = PBXFileReference; lastKnownFileType = sourcecode.swift; path = CommonUtility.swift; sourceTree = "<group>"; };
		DCBD12602AE2D5C600AAF62F /* .swiftformat */ = {isa = PBXFileReference; lastKnownFileType = text; path = .swiftformat; sourceTree = "<group>"; };
		DCBD12612AE2D72B00AAF62F /* README.md */ = {isa = PBXFileReference; lastKnownFileType = net.daringfireball.markdown; path = README.md; sourceTree = "<group>"; };
		DCC2FF672AD842E900E9834A /* Dhaka Wheels.app */ = {isa = PBXFileReference; explicitFileType = wrapper.application; includeInIndex = 0; path = "Dhaka Wheels.app"; sourceTree = BUILT_PRODUCTS_DIR; };
		DCC2FF6A2AD842E900E9834A /* Dhaka_WheelsApp.swift */ = {isa = PBXFileReference; lastKnownFileType = sourcecode.swift; path = Dhaka_WheelsApp.swift; sourceTree = "<group>"; };
		DCC2FF6C2AD842E900E9834A /* ContentView.swift */ = {isa = PBXFileReference; lastKnownFileType = sourcecode.swift; path = ContentView.swift; sourceTree = "<group>"; };
		DCC2FF6E2AD842EA00E9834A /* Assets.xcassets */ = {isa = PBXFileReference; lastKnownFileType = folder.assetcatalog; path = Assets.xcassets; sourceTree = "<group>"; };
		DCC2FF712AD842EA00E9834A /* Preview Assets.xcassets */ = {isa = PBXFileReference; lastKnownFileType = folder.assetcatalog; path = "Preview Assets.xcassets"; sourceTree = "<group>"; };
		DCC2FF7B2AD84A3500E9834A /* SearchView.swift */ = {isa = PBXFileReference; lastKnownFileType = sourcecode.swift; path = SearchView.swift; sourceTree = "<group>"; };
		DCC2FF7D2AD84E1E00E9834A /* BusRow.swift */ = {isa = PBXFileReference; lastKnownFileType = sourcecode.swift; path = BusRow.swift; sourceTree = "<group>"; };
		DCC2FF802AD8589700E9834A /* BusList.json */ = {isa = PBXFileReference; fileEncoding = 4; lastKnownFileType = text.json; path = BusList.json; sourceTree = "<group>"; };
		DCC2FF832AD858DD00E9834A /* Bus.swift */ = {isa = PBXFileReference; lastKnownFileType = sourcecode.swift; path = Bus.swift; sourceTree = "<group>"; };
		DCC2FF862AD85A3E00E9834A /* Constants.swift */ = {isa = PBXFileReference; lastKnownFileType = sourcecode.swift; path = Constants.swift; sourceTree = "<group>"; };
		DCC2FF882AD85D4E00E9834A /* BusDetailView.swift */ = {isa = PBXFileReference; lastKnownFileType = sourcecode.swift; path = BusDetailView.swift; sourceTree = "<group>"; };
		DCC4F8862B2B80EA000728D6 /* AllBusList.swift */ = {isa = PBXFileReference; lastKnownFileType = sourcecode.swift; path = AllBusList.swift; sourceTree = "<group>"; };
		DCCC6C1F2ADA996C00E95C2D /* MapView.swift */ = {isa = PBXFileReference; lastKnownFileType = sourcecode.swift; path = MapView.swift; sourceTree = "<group>"; };
		DCCC6C212ADAAC2700E95C2D /* Stoppage.swift */ = {isa = PBXFileReference; lastKnownFileType = sourcecode.swift; path = Stoppage.swift; sourceTree = "<group>"; };
		DCCCE9C32AED9427001EFA95 /* Color+Extensions.swift */ = {isa = PBXFileReference; lastKnownFileType = sourcecode.swift; path = "Color+Extensions.swift"; sourceTree = "<group>"; };
		DCCF91572B278B1D00290117 /* SearchViewLabelImage.swift */ = {isa = PBXFileReference; lastKnownFileType = sourcecode.swift; path = SearchViewLabelImage.swift; sourceTree = "<group>"; };
		DCCF91592B278C4900290117 /* SearchFieldModifier.swift */ = {isa = PBXFileReference; lastKnownFileType = sourcecode.swift; path = SearchFieldModifier.swift; sourceTree = "<group>"; };
		DCCFA2932AE0596400D2F741 /* String+Extensions.swift */ = {isa = PBXFileReference; lastKnownFileType = sourcecode.swift; path = "String+Extensions.swift"; sourceTree = "<group>"; };
		DCCFA2962AE061E900D2F741 /* SuggestionMenuView.swift */ = {isa = PBXFileReference; lastKnownFileType = sourcecode.swift; path = SuggestionMenuView.swift; sourceTree = "<group>"; };
		DCD8B5D72ADAFA230039F12F /* README.md */ = {isa = PBXFileReference; lastKnownFileType = net.daringfireball.markdown; path = README.md; sourceTree = "<group>"; };
		DCD8B5D82ADB0AA20039F12F /* GoogleService-Info.plist */ = {isa = PBXFileReference; fileEncoding = 4; lastKnownFileType = text.plist.xml; path = "GoogleService-Info.plist"; sourceTree = "<group>"; };
		DCD954AB2AEE4C53007583BB /* Moghbazar_Provati.gpx */ = {isa = PBXFileReference; lastKnownFileType = text.xml; path = Moghbazar_Provati.gpx; sourceTree = "<group>"; };
		DCDD02AE2AE78E4500B59B26 /* DWLogger.swift */ = {isa = PBXFileReference; lastKnownFileType = sourcecode.swift; path = DWLogger.swift; sourceTree = "<group>"; };
		DCDD02BC2AE8573F00B59B26 /* NavbarAccessor.swift */ = {isa = PBXFileReference; lastKnownFileType = sourcecode.swift; path = NavbarAccessor.swift; sourceTree = "<group>"; };
		DCDDCEF42AE7015400E5207C /* Double+Extensions.swift */ = {isa = PBXFileReference; lastKnownFileType = sourcecode.swift; path = "Double+Extensions.swift"; sourceTree = "<group>"; };
		DCE259342B1F808000E05CE0 /* BusRowNavigationView.swift */ = {isa = PBXFileReference; lastKnownFileType = sourcecode.swift; path = BusRowNavigationView.swift; sourceTree = "<group>"; };
		DCE3FE672AE195CB00CD1627 /* SuggestionRow.swift */ = {isa = PBXFileReference; lastKnownFileType = sourcecode.swift; path = SuggestionRow.swift; sourceTree = "<group>"; };
		DCE3FE6A2AE196AC00CD1627 /* Suggestion.swift */ = {isa = PBXFileReference; lastKnownFileType = sourcecode.swift; path = Suggestion.swift; sourceTree = "<group>"; };
		DCE6CD8F2AF0214500468C0D /* DWLogFormatter.swift */ = {isa = PBXFileReference; lastKnownFileType = sourcecode.swift; path = DWLogFormatter.swift; sourceTree = "<group>"; };
		DCE6CD922AF0238F00468C0D /* Logging.swift */ = {isa = PBXFileReference; lastKnownFileType = sourcecode.swift; path = Logging.swift; sourceTree = "<group>"; };
		DCF3A2FC2B24EB5100BD8303 /* View+Extensions.swift */ = {isa = PBXFileReference; lastKnownFileType = sourcecode.swift; path = "View+Extensions.swift"; sourceTree = "<group>"; };
		DCF3A2FF2B24EDBB00BD8303 /* NavigationBarBackButtonTitleModifier.swift */ = {isa = PBXFileReference; lastKnownFileType = sourcecode.swift; path = NavigationBarBackButtonTitleModifier.swift; sourceTree = "<group>"; };
/* End PBXFileReference section */

/* Begin PBXFrameworksBuildPhase section */
		DC689C352ADB228F00F03E07 /* Frameworks */ = {
			isa = PBXFrameworksBuildPhase;
			buildActionMask = 2147483647;
			files = (
				DC689C592ADB22DE00F03E07 /* FirebaseDatabase in Frameworks */,
				DC689C672ADB22DF00F03E07 /* FirebaseFunctionsCombine-Community in Frameworks */,
				DC689C5F2ADB22DE00F03E07 /* FirebaseFirestore in Frameworks */,
				DC689C4B2ADB22DE00F03E07 /* FirebaseAnalyticsSwift in Frameworks */,
				DC689C472ADB22DE00F03E07 /* FirebaseAnalytics in Frameworks */,
				DC689C492ADB22DE00F03E07 /* FirebaseAnalyticsOnDeviceConversion in Frameworks */,
				DC689C6F2ADB22DF00F03E07 /* FirebaseMLModelDownloader in Frameworks */,
				DC689C632ADB22DE00F03E07 /* FirebaseFirestoreSwift in Frameworks */,
				DC689C4F2ADB22DE00F03E07 /* FirebaseAppCheck in Frameworks */,
				DC689C4D2ADB22DE00F03E07 /* FirebaseAnalyticsWithoutAdIdSupport in Frameworks */,
				DC689C532ADB22DE00F03E07 /* FirebaseAuth in Frameworks */,
				DCDD02B52AE7986F00B59B26 /* CocoaLumberjackSwift in Frameworks */,
				DC689C572ADB22DE00F03E07 /* FirebaseCrashlytics in Frameworks */,
				DC689C772ADB22DF00F03E07 /* FirebaseRemoteConfigSwift in Frameworks */,
				DC689C692ADB22DF00F03E07 /* FirebaseInAppMessaging-Beta in Frameworks */,
				DC689C5B2ADB22DE00F03E07 /* FirebaseDatabaseSwift in Frameworks */,
				DC689C652ADB22DF00F03E07 /* FirebaseFunctions in Frameworks */,
				DCDD02B32AE7986F00B59B26 /* CocoaLumberjack in Frameworks */,
				DC689C7B2ADB22DF00F03E07 /* FirebaseStorageCombine-Community in Frameworks */,
				DC689C752ADB22DF00F03E07 /* FirebaseRemoteConfig in Frameworks */,
				DC689C512ADB22DE00F03E07 /* FirebaseAppDistribution-Beta in Frameworks */,
				DC689C552ADB22DE00F03E07 /* FirebaseAuthCombine-Community in Frameworks */,
				DC689C732ADB22DF00F03E07 /* FirebasePerformance in Frameworks */,
				DC689C6B2ADB22DF00F03E07 /* FirebaseInAppMessagingSwift-Beta in Frameworks */,
				DC689C792ADB22DF00F03E07 /* FirebaseStorage in Frameworks */,
				DC689C5D2ADB22DE00F03E07 /* FirebaseDynamicLinks in Frameworks */,
				DC689C612ADB22DE00F03E07 /* FirebaseFirestoreCombine-Community in Frameworks */,
				DC689C712ADB22DF00F03E07 /* FirebaseMessaging in Frameworks */,
				DCDD02B72AE7986F00B59B26 /* CocoaLumberjackSwiftLogBackend in Frameworks */,
				DC689C6D2ADB22DF00F03E07 /* FirebaseInstallations in Frameworks */,
			);
			runOnlyForDeploymentPostprocessing = 0;
		};
		DCC2FF642AD842E900E9834A /* Frameworks */ = {
			isa = PBXFrameworksBuildPhase;
			buildActionMask = 2147483647;
			files = (
				DCD8B5EE2ADB0B890039F12F /* FirebaseDatabase in Frameworks */,
				DCD8B5FC2ADB0B890039F12F /* FirebaseFunctionsCombine-Community in Frameworks */,
				DCD8B5F42ADB0B890039F12F /* FirebaseFirestore in Frameworks */,
				DCD8B5E02ADB0B890039F12F /* FirebaseAnalyticsSwift in Frameworks */,
				DCD8B5DC2ADB0B890039F12F /* FirebaseAnalytics in Frameworks */,
				DCD8B5DE2ADB0B890039F12F /* FirebaseAnalyticsOnDeviceConversion in Frameworks */,
				DCD8B6042ADB0B890039F12F /* FirebaseMLModelDownloader in Frameworks */,
				DCD8B5F82ADB0B890039F12F /* FirebaseFirestoreSwift in Frameworks */,
				DCD8B5E42ADB0B890039F12F /* FirebaseAppCheck in Frameworks */,
				DCD8B5E22ADB0B890039F12F /* FirebaseAnalyticsWithoutAdIdSupport in Frameworks */,
				DCD8B5E82ADB0B890039F12F /* FirebaseAuth in Frameworks */,
				DCDD02AA2AE78DF100B59B26 /* CocoaLumberjackSwift in Frameworks */,
				DCD8B5EC2ADB0B890039F12F /* FirebaseCrashlytics in Frameworks */,
				DCD8B60C2ADB0B890039F12F /* FirebaseRemoteConfigSwift in Frameworks */,
				DCD8B5FE2ADB0B890039F12F /* FirebaseInAppMessaging-Beta in Frameworks */,
				DCD8B5F02ADB0B890039F12F /* FirebaseDatabaseSwift in Frameworks */,
				DCD8B5FA2ADB0B890039F12F /* FirebaseFunctions in Frameworks */,
				DCDD02A82AE78DF100B59B26 /* CocoaLumberjack in Frameworks */,
				DCD8B6102ADB0B890039F12F /* FirebaseStorageCombine-Community in Frameworks */,
				DCD8B60A2ADB0B890039F12F /* FirebaseRemoteConfig in Frameworks */,
				DCD8B5E62ADB0B890039F12F /* FirebaseAppDistribution-Beta in Frameworks */,
				DCD8B5EA2ADB0B890039F12F /* FirebaseAuthCombine-Community in Frameworks */,
				DCD8B6082ADB0B890039F12F /* FirebasePerformance in Frameworks */,
				DCD8B6002ADB0B890039F12F /* FirebaseInAppMessagingSwift-Beta in Frameworks */,
				DCD8B60E2ADB0B890039F12F /* FirebaseStorage in Frameworks */,
				DCD8B5F22ADB0B890039F12F /* FirebaseDynamicLinks in Frameworks */,
				DCD8B5F62ADB0B890039F12F /* FirebaseFirestoreCombine-Community in Frameworks */,
				DCD8B6062ADB0B890039F12F /* FirebaseMessaging in Frameworks */,
				DCDD02AC2AE78DF100B59B26 /* CocoaLumberjackSwiftLogBackend in Frameworks */,
				DCD8B6022ADB0B890039F12F /* FirebaseInstallations in Frameworks */,
			);
			runOnlyForDeploymentPostprocessing = 0;
		};
/* End PBXFrameworksBuildPhase section */

/* Begin PBXGroup section */
		DC689C392ADB228F00F03E07 /* FirebaseUpdator */ = {
			isa = PBXGroup;
			children = (
				DC689C3A2ADB228F00F03E07 /* FirebaseUpdatorApp.swift */,
				DCABFED12ADBADD0004DD6CF /* Views */,
				DCABFED22ADBADF6004DD6CF /* Models */,
				DC689C3E2ADB229000F03E07 /* Assets.xcassets */,
				DC689C402ADB229000F03E07 /* Preview Content */,
				DCBD12612AE2D72B00AAF62F /* README.md */,
			);
			path = FirebaseUpdator;
			sourceTree = "<group>";
		};
		DC689C402ADB229000F03E07 /* Preview Content */ = {
			isa = PBXGroup;
			children = (
				DC689C412ADB229000F03E07 /* Preview Assets.xcassets */,
			);
			path = "Preview Content";
			sourceTree = "<group>";
		};
		DCABFED12ADBADD0004DD6CF /* Views */ = {
			isa = PBXGroup;
			children = (
				DC689C3C2ADB228F00F03E07 /* ContentView.swift */,
				DCABFED32ADBAE19004DD6CF /* Bus */,
				DCABFED92ADBCC8C004DD6CF /* Stopage */,
			);
			path = Views;
			sourceTree = "<group>";
		};
		DCABFED22ADBADF6004DD6CF /* Models */ = {
			isa = PBXGroup;
			children = (
				DCDDCEF42AE7015400E5207C /* Double+Extensions.swift */,
			);
			path = Models;
			sourceTree = "<group>";
		};
		DCABFED32ADBAE19004DD6CF /* Bus */ = {
			isa = PBXGroup;
			children = (
				DC689C7D2ADB254800F03E07 /* AddBus.swift */,
				DCABFED42ADBAE42004DD6CF /* SelectedStoppage.swift */,
			);
			path = Bus;
			sourceTree = "<group>";
		};
		DCABFED92ADBCC8C004DD6CF /* Stopage */ = {
			isa = PBXGroup;
			children = (
				DCABFEDA2ADBCCA7004DD6CF /* AddStoppage.swift */,
			);
			path = Stopage;
			sourceTree = "<group>";
		};
		DCC2FF5E2AD842E900E9834A = {
			isa = PBXGroup;
			children = (
				DCC2FF692AD842E900E9834A /* Dhaka Wheels */,
				DC689C392ADB228F00F03E07 /* FirebaseUpdator */,
				DCD8B5D72ADAFA230039F12F /* README.md */,
				DCD8B5D82ADB0AA20039F12F /* GoogleService-Info.plist */,
				DCBD12602AE2D5C600AAF62F /* .swiftformat */,
				DCC2FF682AD842E900E9834A /* Products */,
			);
			sourceTree = "<group>";
		};
		DCC2FF682AD842E900E9834A /* Products */ = {
			isa = PBXGroup;
			children = (
				DCC2FF672AD842E900E9834A /* Dhaka Wheels.app */,
				DC689C382ADB228F00F03E07 /* FirebaseUpdator.app */,
			);
			name = Products;
			sourceTree = "<group>";
		};
		DCC2FF692AD842E900E9834A /* Dhaka Wheels */ = {
			isa = PBXGroup;
			children = (
				DCC2FF6A2AD842E900E9834A /* Dhaka_WheelsApp.swift */,
				DCC2FF782AD844AE00E9834A /* Views */,
				DCC2FF822AD858C900E9834A /* Models */,
				DCF3A2FE2B24ED9900BD8303 /* Modifiers */,
				DCCFA2872AE044D600D2F741 /* Services */,
				DCCFA2922AE0594900D2F741 /* Extensions */,
				DCC2FF7F2AD8500000E9834A /* Resources */,
				DCDD02AD2AE78E2200B59B26 /* Utility */,
				DCC2FF6E2AD842EA00E9834A /* Assets.xcassets */,
				DCC2FF702AD842EA00E9834A /* Preview Content */,
			);
			path = "Dhaka Wheels";
			sourceTree = "<group>";
		};
		DCC2FF702AD842EA00E9834A /* Preview Content */ = {
			isa = PBXGroup;
			children = (
				DCC2FF712AD842EA00E9834A /* Preview Assets.xcassets */,
			);
			path = "Preview Content";
			sourceTree = "<group>";
		};
		DCC2FF782AD844AE00E9834A /* Views */ = {
			isa = PBXGroup;
			children = (
				DCC2FF6C2AD842E900E9834A /* ContentView.swift */,
				DCE3FE652AE1948F00CD1627 /* Bus */,
				DCE3FE662AE194B600CD1627 /* Stoppage */,
				DCE3FE642AE1948200CD1627 /* Suggestions */,
			);
			path = Views;
			sourceTree = "<group>";
		};
		DCC2FF7F2AD8500000E9834A /* Resources */ = {
			isa = PBXGroup;
			children = (
				DCC2FF802AD8589700E9834A /* BusList.json */,
			);
			path = Resources;
			sourceTree = "<group>";
		};
		DCC2FF822AD858C900E9834A /* Models */ = {
			isa = PBXGroup;
			children = (
				DCC2FF832AD858DD00E9834A /* Bus.swift */,
				DCCC6C212ADAAC2700E95C2D /* Stoppage.swift */,
				DCE3FE6A2AE196AC00CD1627 /* Suggestion.swift */,
				DCC2FF862AD85A3E00E9834A /* Constants.swift */,
			);
			path = Models;
			sourceTree = "<group>";
		};
		DCCFA2872AE044D600D2F741 /* Services */ = {
			isa = PBXGroup;
			children = (
				DC689C812ADB2F6100F03E07 /* FirebaseData.swift */,
			);
			path = Services;
			sourceTree = "<group>";
		};
		DCCFA2922AE0594900D2F741 /* Extensions */ = {
			isa = PBXGroup;
			children = (
				DCCFA2932AE0596400D2F741 /* String+Extensions.swift */,
				DCCCE9C32AED9427001EFA95 /* Color+Extensions.swift */,
				DCF3A2FC2B24EB5100BD8303 /* View+Extensions.swift */,
			);
			path = Extensions;
			sourceTree = "<group>";
		};
		DCDD02AD2AE78E2200B59B26 /* Utility */ = {
			isa = PBXGroup;
			children = (
				DCE6CD8E2AF0212200468C0D /* Logger */,
				DCDD02BC2AE8573F00B59B26 /* NavbarAccessor.swift */,
				DCB123B12B2384AD00091644 /* CommonUtility.swift */,
			);
			path = Utility;
			sourceTree = "<group>";
		};
		DCE3FE642AE1948200CD1627 /* Suggestions */ = {
			isa = PBXGroup;
			children = (
				DCCFA2962AE061E900D2F741 /* SuggestionMenuView.swift */,
				DCE3FE672AE195CB00CD1627 /* SuggestionRow.swift */,
			);
			path = Suggestions;
			sourceTree = "<group>";
		};
		DCE3FE652AE1948F00CD1627 /* Bus */ = {
			isa = PBXGroup;
			children = (
				DCC2FF7B2AD84A3500E9834A /* SearchView.swift */,
				DCCF91572B278B1D00290117 /* SearchViewLabelImage.swift */,
				DCC4F8862B2B80EA000728D6 /* AllBusList.swift */,
				DCE259342B1F808000E05CE0 /* BusRowNavigationView.swift */,
				DCC2FF7D2AD84E1E00E9834A /* BusRow.swift */,
				DCC2FF882AD85D4E00E9834A /* BusDetailView.swift */,
			);
			path = Bus;
			sourceTree = "<group>";
		};
		DCE3FE662AE194B600CD1627 /* Stoppage */ = {
			isa = PBXGroup;
			children = (
				DCCC6C1F2ADA996C00E95C2D /* MapView.swift */,
				DCD954AB2AEE4C53007583BB /* Moghbazar_Provati.gpx */,
			);
			path = Stoppage;
			sourceTree = "<group>";
		};
		DCE6CD8E2AF0212200468C0D /* Logger */ = {
			isa = PBXGroup;
			children = (
				DCDD02AE2AE78E4500B59B26 /* DWLogger.swift */,
				DCE6CD8F2AF0214500468C0D /* DWLogFormatter.swift */,
				DCE6CD922AF0238F00468C0D /* Logging.swift */,
			);
			path = Logger;
			sourceTree = "<group>";
		};
		DCF3A2FE2B24ED9900BD8303 /* Modifiers */ = {
			isa = PBXGroup;
			children = (
				DCF3A2FF2B24EDBB00BD8303 /* NavigationBarBackButtonTitleModifier.swift */,
				DCCF91592B278C4900290117 /* SearchFieldModifier.swift */,
			);
			path = Modifiers;
			sourceTree = "<group>";
		};
/* End PBXGroup section */

/* Begin PBXNativeTarget section */
		DC689C372ADB228F00F03E07 /* FirebaseUpdator */ = {
			isa = PBXNativeTarget;
			buildConfigurationList = DC689C452ADB229000F03E07 /* Build configuration list for PBXNativeTarget "FirebaseUpdator" */;
			buildPhases = (
				DC689C342ADB228F00F03E07 /* Sources */,
				DC689C352ADB228F00F03E07 /* Frameworks */,
				DC689C362ADB228F00F03E07 /* Resources */,
				DCBD125F2AE2C34F00AAF62F /* ShellScript */,
			);
			buildRules = (
			);
			dependencies = (
			);
			name = FirebaseUpdator;
			packageProductDependencies = (
				DC689C462ADB22DE00F03E07 /* FirebaseAnalytics */,
				DC689C482ADB22DE00F03E07 /* FirebaseAnalyticsOnDeviceConversion */,
				DC689C4A2ADB22DE00F03E07 /* FirebaseAnalyticsSwift */,
				DC689C4C2ADB22DE00F03E07 /* FirebaseAnalyticsWithoutAdIdSupport */,
				DC689C4E2ADB22DE00F03E07 /* FirebaseAppCheck */,
				DC689C502ADB22DE00F03E07 /* FirebaseAppDistribution-Beta */,
				DC689C522ADB22DE00F03E07 /* FirebaseAuth */,
				DC689C542ADB22DE00F03E07 /* FirebaseAuthCombine-Community */,
				DC689C562ADB22DE00F03E07 /* FirebaseCrashlytics */,
				DC689C582ADB22DE00F03E07 /* FirebaseDatabase */,
				DC689C5A2ADB22DE00F03E07 /* FirebaseDatabaseSwift */,
				DC689C5C2ADB22DE00F03E07 /* FirebaseDynamicLinks */,
				DC689C5E2ADB22DE00F03E07 /* FirebaseFirestore */,
				DC689C602ADB22DE00F03E07 /* FirebaseFirestoreCombine-Community */,
				DC689C622ADB22DE00F03E07 /* FirebaseFirestoreSwift */,
				DC689C642ADB22DF00F03E07 /* FirebaseFunctions */,
				DC689C662ADB22DF00F03E07 /* FirebaseFunctionsCombine-Community */,
				DC689C682ADB22DF00F03E07 /* FirebaseInAppMessaging-Beta */,
				DC689C6A2ADB22DF00F03E07 /* FirebaseInAppMessagingSwift-Beta */,
				DC689C6C2ADB22DF00F03E07 /* FirebaseInstallations */,
				DC689C6E2ADB22DF00F03E07 /* FirebaseMLModelDownloader */,
				DC689C702ADB22DF00F03E07 /* FirebaseMessaging */,
				DC689C722ADB22DF00F03E07 /* FirebasePerformance */,
				DC689C742ADB22DF00F03E07 /* FirebaseRemoteConfig */,
				DC689C762ADB22DF00F03E07 /* FirebaseRemoteConfigSwift */,
				DC689C782ADB22DF00F03E07 /* FirebaseStorage */,
				DC689C7A2ADB22DF00F03E07 /* FirebaseStorageCombine-Community */,
				DCDD02B22AE7986F00B59B26 /* CocoaLumberjack */,
				DCDD02B42AE7986F00B59B26 /* CocoaLumberjackSwift */,
				DCDD02B62AE7986F00B59B26 /* CocoaLumberjackSwiftLogBackend */,
			);
			productName = FirebaseUpdator;
			productReference = DC689C382ADB228F00F03E07 /* FirebaseUpdator.app */;
			productType = "com.apple.product-type.application";
		};
		DCC2FF662AD842E900E9834A /* Dhaka Wheels */ = {
			isa = PBXNativeTarget;
			buildConfigurationList = DCC2FF752AD842EA00E9834A /* Build configuration list for PBXNativeTarget "Dhaka Wheels" */;
			buildPhases = (
				DCC2FF632AD842E900E9834A /* Sources */,
				DCC2FF642AD842E900E9834A /* Frameworks */,
				DCC2FF652AD842E900E9834A /* Resources */,
				DCBD125D2AE2C09B00AAF62F /* ShellScript */,
			);
			buildRules = (
			);
			dependencies = (
			);
			name = "Dhaka Wheels";
			packageProductDependencies = (
				DCD8B5DB2ADB0B890039F12F /* FirebaseAnalytics */,
				DCD8B5DD2ADB0B890039F12F /* FirebaseAnalyticsOnDeviceConversion */,
				DCD8B5DF2ADB0B890039F12F /* FirebaseAnalyticsSwift */,
				DCD8B5E12ADB0B890039F12F /* FirebaseAnalyticsWithoutAdIdSupport */,
				DCD8B5E32ADB0B890039F12F /* FirebaseAppCheck */,
				DCD8B5E52ADB0B890039F12F /* FirebaseAppDistribution-Beta */,
				DCD8B5E72ADB0B890039F12F /* FirebaseAuth */,
				DCD8B5E92ADB0B890039F12F /* FirebaseAuthCombine-Community */,
				DCD8B5EB2ADB0B890039F12F /* FirebaseCrashlytics */,
				DCD8B5ED2ADB0B890039F12F /* FirebaseDatabase */,
				DCD8B5EF2ADB0B890039F12F /* FirebaseDatabaseSwift */,
				DCD8B5F12ADB0B890039F12F /* FirebaseDynamicLinks */,
				DCD8B5F32ADB0B890039F12F /* FirebaseFirestore */,
				DCD8B5F52ADB0B890039F12F /* FirebaseFirestoreCombine-Community */,
				DCD8B5F72ADB0B890039F12F /* FirebaseFirestoreSwift */,
				DCD8B5F92ADB0B890039F12F /* FirebaseFunctions */,
				DCD8B5FB2ADB0B890039F12F /* FirebaseFunctionsCombine-Community */,
				DCD8B5FD2ADB0B890039F12F /* FirebaseInAppMessaging-Beta */,
				DCD8B5FF2ADB0B890039F12F /* FirebaseInAppMessagingSwift-Beta */,
				DCD8B6012ADB0B890039F12F /* FirebaseInstallations */,
				DCD8B6032ADB0B890039F12F /* FirebaseMLModelDownloader */,
				DCD8B6052ADB0B890039F12F /* FirebaseMessaging */,
				DCD8B6072ADB0B890039F12F /* FirebasePerformance */,
				DCD8B6092ADB0B890039F12F /* FirebaseRemoteConfig */,
				DCD8B60B2ADB0B890039F12F /* FirebaseRemoteConfigSwift */,
				DCD8B60D2ADB0B890039F12F /* FirebaseStorage */,
				DCD8B60F2ADB0B890039F12F /* FirebaseStorageCombine-Community */,
				DCDD02A72AE78DF100B59B26 /* CocoaLumberjack */,
				DCDD02A92AE78DF100B59B26 /* CocoaLumberjackSwift */,
				DCDD02AB2AE78DF100B59B26 /* CocoaLumberjackSwiftLogBackend */,
			);
			productName = "Dhaka Wheels";
			productReference = DCC2FF672AD842E900E9834A /* Dhaka Wheels.app */;
			productType = "com.apple.product-type.application";
		};
/* End PBXNativeTarget section */

/* Begin PBXProject section */
		DCC2FF5F2AD842E900E9834A /* Project object */ = {
			isa = PBXProject;
			attributes = {
				BuildIndependentTargetsInParallel = 1;
				LastSwiftUpdateCheck = 1500;
				LastUpgradeCheck = 1500;
				TargetAttributes = {
					DC689C372ADB228F00F03E07 = {
						CreatedOnToolsVersion = 15.0;
					};
					DCC2FF662AD842E900E9834A = {
						CreatedOnToolsVersion = 15.0;
					};
				};
			};
			buildConfigurationList = DCC2FF622AD842E900E9834A /* Build configuration list for PBXProject "Dhaka Wheels" */;
			compatibilityVersion = "Xcode 14.0";
			developmentRegion = en;
			hasScannedForEncodings = 0;
			knownRegions = (
				en,
				Base,
			);
			mainGroup = DCC2FF5E2AD842E900E9834A;
			packageReferences = (
				DCD8B5DA2ADB0B890039F12F /* XCRemoteSwiftPackageReference "firebase-ios-sdk" */,
				DCABFED62ADBB932004DD6CF /* XCRemoteSwiftPackageReference "WaterfallGrid" */,
				DCDD02A62AE78DF100B59B26 /* XCRemoteSwiftPackageReference "CocoaLumberjack" */,
			);
			productRefGroup = DCC2FF682AD842E900E9834A /* Products */;
			projectDirPath = "";
			projectRoot = "";
			targets = (
				DCC2FF662AD842E900E9834A /* Dhaka Wheels */,
				DC689C372ADB228F00F03E07 /* FirebaseUpdator */,
			);
		};
/* End PBXProject section */

/* Begin PBXResourcesBuildPhase section */
		DC689C362ADB228F00F03E07 /* Resources */ = {
			isa = PBXResourcesBuildPhase;
			buildActionMask = 2147483647;
			files = (
				DC689C422ADB229000F03E07 /* Preview Assets.xcassets in Resources */,
				DC689C3F2ADB229000F03E07 /* Assets.xcassets in Resources */,
				DC689C7C2ADB239E00F03E07 /* GoogleService-Info.plist in Resources */,
			);
			runOnlyForDeploymentPostprocessing = 0;
		};
		DCC2FF652AD842E900E9834A /* Resources */ = {
			isa = PBXResourcesBuildPhase;
			buildActionMask = 2147483647;
			files = (
				DCC2FF722AD842EA00E9834A /* Preview Assets.xcassets in Resources */,
				DCD8B5D92ADB0AA20039F12F /* GoogleService-Info.plist in Resources */,
				DCC2FF812AD8589700E9834A /* BusList.json in Resources */,
				DCC2FF6F2AD842EA00E9834A /* Assets.xcassets in Resources */,
			);
			runOnlyForDeploymentPostprocessing = 0;
		};
/* End PBXResourcesBuildPhase section */

/* Begin PBXShellScriptBuildPhase section */
		DCBD125D2AE2C09B00AAF62F /* ShellScript */ = {
			isa = PBXShellScriptBuildPhase;
			buildActionMask = 2147483647;
			files = (
			);
			inputFileListPaths = (
			);
			inputPaths = (
			);
			outputFileListPaths = (
			);
			outputPaths = (
			);
			runOnlyForDeploymentPostprocessing = 0;
			shellPath = /bin/sh;
			shellScript = "# Type a script or drag a script file from your workspace to insert its path.\nif which swiftformat >/dev/null; then\n    git diff --name-only | grep -e '\\(.*\\).swift$' | while read line; do\n        swiftformat \"${line}\" --lint;\n    done\nelse\n    echo \"warning: SwiftFormat not installed, download from https://github.com/nicklockwood/SwiftFormat\"\nfi\nexit 0\n";
		};
		DCBD125F2AE2C34F00AAF62F /* ShellScript */ = {
			isa = PBXShellScriptBuildPhase;
			buildActionMask = 2147483647;
			files = (
			);
			inputFileListPaths = (
			);
			inputPaths = (
			);
			outputFileListPaths = (
			);
			outputPaths = (
			);
			runOnlyForDeploymentPostprocessing = 0;
			shellPath = /bin/sh;
			shellScript = "# Type a script or drag a script file from your workspace to insert its path.\nif which swiftformat >/dev/null; then\n    git diff --name-only | grep -e '\\(.*\\).swift$' | while read line; do\n        swiftformat \"${line}\" --lint;\n    done\nelse\n    echo \"warning: SwiftFormat not installed, download from https://github.com/nicklockwood/SwiftFormat\"\nfi\nexit 0\n";
		};
/* End PBXShellScriptBuildPhase section */

/* Begin PBXSourcesBuildPhase section */
		DC689C342ADB228F00F03E07 /* Sources */ = {
			isa = PBXSourcesBuildPhase;
			buildActionMask = 2147483647;
			files = (
				DCDD02B12AE7984A00B59B26 /* Bus.swift in Sources */,
				DCABFEDB2ADBCCA7004DD6CF /* AddStoppage.swift in Sources */,
				DCDDCEF32AE6EA3600E5207C /* Constants.swift in Sources */,
				DCABFED52ADBAE42004DD6CF /* SelectedStoppage.swift in Sources */,
				DCCFA2952AE0596400D2F741 /* String+Extensions.swift in Sources */,
				DC689C842ADB2FE200F03E07 /* Stoppage.swift in Sources */,
				DCDD02BE2AE8573F00B59B26 /* NavbarAccessor.swift in Sources */,
				DCE6CD942AF0238F00468C0D /* Logging.swift in Sources */,
				DCD73E272AEC2C3F00B76128 /* FirebaseData.swift in Sources */,
				DCE3FE692AE195CB00CD1627 /* SuggestionRow.swift in Sources */,
				DCCFA2982AE061E900D2F741 /* SuggestionMenuView.swift in Sources */,
				DC689C7E2ADB254800F03E07 /* AddBus.swift in Sources */,
				DCDDCEF52AE7015400E5207C /* Double+Extensions.swift in Sources */,
				DCE6CD912AF0214500468C0D /* DWLogFormatter.swift in Sources */,
				DC689C3D2ADB228F00F03E07 /* ContentView.swift in Sources */,
				DCDD02B82AE7987F00B59B26 /* DWLogger.swift in Sources */,
				DC689C3B2ADB228F00F03E07 /* FirebaseUpdatorApp.swift in Sources */,
				DCE3FE6C2AE196AC00CD1627 /* Suggestion.swift in Sources */,
			);
			runOnlyForDeploymentPostprocessing = 0;
		};
		DCC2FF632AD842E900E9834A /* Sources */ = {
			isa = PBXSourcesBuildPhase;
			buildActionMask = 2147483647;
			files = (
				DCDD02BD2AE8573F00B59B26 /* NavbarAccessor.swift in Sources */,
				DCC2FF842AD858DD00E9834A /* Bus.swift in Sources */,
				DCE6CD902AF0214500468C0D /* DWLogFormatter.swift in Sources */,
				DCC2FF7E2AD84E1E00E9834A /* BusRow.swift in Sources */,
				DCDD02AF2AE78E4500B59B26 /* DWLogger.swift in Sources */,
				DCCF91582B278B1D00290117 /* SearchViewLabelImage.swift in Sources */,
				DCC2FF7C2AD84A3500E9834A /* SearchView.swift in Sources */,
				DCE3FE6B2AE196AC00CD1627 /* Suggestion.swift in Sources */,
				DCCC6C222ADAAC2700E95C2D /* Stoppage.swift in Sources */,
				DCF3A2FD2B24EB5100BD8303 /* View+Extensions.swift in Sources */,
				DCE259352B1F808000E05CE0 /* BusRowNavigationView.swift in Sources */,
				DCD73E262AEC2C3600B76128 /* FirebaseData.swift in Sources */,
				DCC2FF872AD85A3E00E9834A /* Constants.swift in Sources */,
				DCC2FF6D2AD842E900E9834A /* ContentView.swift in Sources */,
				DCE6CD932AF0238F00468C0D /* Logging.swift in Sources */,
				DCCF915A2B278C4900290117 /* SearchFieldModifier.swift in Sources */,
				DCCFA2942AE0596400D2F741 /* String+Extensions.swift in Sources */,
				DCCCE9C42AED9427001EFA95 /* Color+Extensions.swift in Sources */,
				DCC4F8872B2B80EA000728D6 /* AllBusList.swift in Sources */,
				DCF3A3002B24EDBB00BD8303 /* NavigationBarBackButtonTitleModifier.swift in Sources */,
				DCCFA2972AE061E900D2F741 /* SuggestionMenuView.swift in Sources */,
				DCC2FF892AD85D4E00E9834A /* BusDetailView.swift in Sources */,
				DCCC6C202ADA996C00E95C2D /* MapView.swift in Sources */,
				DCE3FE682AE195CB00CD1627 /* SuggestionRow.swift in Sources */,
				DCB123B22B2384AD00091644 /* CommonUtility.swift in Sources */,
				DCC2FF6B2AD842E900E9834A /* Dhaka_WheelsApp.swift in Sources */,
			);
			runOnlyForDeploymentPostprocessing = 0;
		};
/* End PBXSourcesBuildPhase section */

/* Begin XCBuildConfiguration section */
		DC689C432ADB229000F03E07 /* Debug */ = {
			isa = XCBuildConfiguration;
			buildSettings = {
				ASSETCATALOG_COMPILER_APPICON_NAME = AppIcon;
				ASSETCATALOG_COMPILER_GLOBAL_ACCENT_COLOR_NAME = AccentColor;
				CODE_SIGN_STYLE = Automatic;
				CURRENT_PROJECT_VERSION = 1;
				DEVELOPMENT_ASSET_PATHS = "\"FirebaseUpdator/Preview Content\"";
				DEVELOPMENT_TEAM = 3Y9S8RQJ87;
				ENABLE_PREVIEWS = YES;
				GENERATE_INFOPLIST_FILE = YES;
				INFOPLIST_KEY_UIApplicationSceneManifest_Generation = YES;
				INFOPLIST_KEY_UIApplicationSupportsIndirectInputEvents = YES;
				INFOPLIST_KEY_UILaunchScreen_Generation = YES;
				INFOPLIST_KEY_UISupportedInterfaceOrientations_iPad = "UIInterfaceOrientationPortrait UIInterfaceOrientationPortraitUpsideDown UIInterfaceOrientationLandscapeLeft UIInterfaceOrientationLandscapeRight";
				INFOPLIST_KEY_UISupportedInterfaceOrientations_iPhone = "UIInterfaceOrientationPortrait UIInterfaceOrientationLandscapeLeft UIInterfaceOrientationLandscapeRight";
				LD_RUNPATH_SEARCH_PATHS = (
					"$(inherited)",
					"@executable_path/Frameworks",
				);
				MARKETING_VERSION = 1.0;
				PRODUCT_BUNDLE_IDENTIFIER = "com.github.asad51.Dhaka-Wheels";
				PRODUCT_NAME = "$(TARGET_NAME)";
				SUPPORTED_PLATFORMS = "iphoneos iphonesimulator";
				SUPPORTS_MACCATALYST = NO;
				SUPPORTS_MAC_DESIGNED_FOR_IPHONE_IPAD = NO;
				SWIFT_EMIT_LOC_STRINGS = YES;
				SWIFT_VERSION = 5.0;
				TARGETED_DEVICE_FAMILY = 1;
			};
			name = Debug;
		};
		DC689C442ADB229000F03E07 /* Release */ = {
			isa = XCBuildConfiguration;
			buildSettings = {
				ASSETCATALOG_COMPILER_APPICON_NAME = AppIcon;
				ASSETCATALOG_COMPILER_GLOBAL_ACCENT_COLOR_NAME = AccentColor;
				CODE_SIGN_STYLE = Automatic;
				CURRENT_PROJECT_VERSION = 1;
				DEVELOPMENT_ASSET_PATHS = "\"FirebaseUpdator/Preview Content\"";
				DEVELOPMENT_TEAM = 3Y9S8RQJ87;
				ENABLE_PREVIEWS = YES;
				GENERATE_INFOPLIST_FILE = YES;
				INFOPLIST_KEY_UIApplicationSceneManifest_Generation = YES;
				INFOPLIST_KEY_UIApplicationSupportsIndirectInputEvents = YES;
				INFOPLIST_KEY_UILaunchScreen_Generation = YES;
				INFOPLIST_KEY_UISupportedInterfaceOrientations_iPad = "UIInterfaceOrientationPortrait UIInterfaceOrientationPortraitUpsideDown UIInterfaceOrientationLandscapeLeft UIInterfaceOrientationLandscapeRight";
				INFOPLIST_KEY_UISupportedInterfaceOrientations_iPhone = "UIInterfaceOrientationPortrait UIInterfaceOrientationLandscapeLeft UIInterfaceOrientationLandscapeRight";
				LD_RUNPATH_SEARCH_PATHS = (
					"$(inherited)",
					"@executable_path/Frameworks",
				);
				MARKETING_VERSION = 1.0;
				PRODUCT_BUNDLE_IDENTIFIER = "com.github.asad51.Dhaka-Wheels";
				PRODUCT_NAME = "$(TARGET_NAME)";
				SUPPORTED_PLATFORMS = "iphoneos iphonesimulator";
				SUPPORTS_MACCATALYST = NO;
				SUPPORTS_MAC_DESIGNED_FOR_IPHONE_IPAD = NO;
				SWIFT_EMIT_LOC_STRINGS = YES;
				SWIFT_VERSION = 5.0;
				TARGETED_DEVICE_FAMILY = 1;
			};
			name = Release;
		};
		DCC2FF732AD842EA00E9834A /* Debug */ = {
			isa = XCBuildConfiguration;
			buildSettings = {
				ALWAYS_SEARCH_USER_PATHS = NO;
				ASSETCATALOG_COMPILER_GENERATE_SWIFT_ASSET_SYMBOL_EXTENSIONS = YES;
				CLANG_ANALYZER_NONNULL = YES;
				CLANG_ANALYZER_NUMBER_OBJECT_CONVERSION = YES_AGGRESSIVE;
				CLANG_CXX_LANGUAGE_STANDARD = "gnu++20";
				CLANG_ENABLE_MODULES = YES;
				CLANG_ENABLE_OBJC_ARC = YES;
				CLANG_ENABLE_OBJC_WEAK = YES;
				CLANG_WARN_BLOCK_CAPTURE_AUTORELEASING = YES;
				CLANG_WARN_BOOL_CONVERSION = YES;
				CLANG_WARN_COMMA = YES;
				CLANG_WARN_CONSTANT_CONVERSION = YES;
				CLANG_WARN_DEPRECATED_OBJC_IMPLEMENTATIONS = YES;
				CLANG_WARN_DIRECT_OBJC_ISA_USAGE = YES_ERROR;
				CLANG_WARN_DOCUMENTATION_COMMENTS = YES;
				CLANG_WARN_EMPTY_BODY = YES;
				CLANG_WARN_ENUM_CONVERSION = YES;
				CLANG_WARN_INFINITE_RECURSION = YES;
				CLANG_WARN_INT_CONVERSION = YES;
				CLANG_WARN_NON_LITERAL_NULL_CONVERSION = YES;
				CLANG_WARN_OBJC_IMPLICIT_RETAIN_SELF = YES;
				CLANG_WARN_OBJC_LITERAL_CONVERSION = YES;
				CLANG_WARN_OBJC_ROOT_CLASS = YES_ERROR;
				CLANG_WARN_QUOTED_INCLUDE_IN_FRAMEWORK_HEADER = YES;
				CLANG_WARN_RANGE_LOOP_ANALYSIS = YES;
				CLANG_WARN_STRICT_PROTOTYPES = YES;
				CLANG_WARN_SUSPICIOUS_MOVE = YES;
				CLANG_WARN_UNGUARDED_AVAILABILITY = YES_AGGRESSIVE;
				CLANG_WARN_UNREACHABLE_CODE = YES;
				CLANG_WARN__DUPLICATE_METHOD_MATCH = YES;
				COPY_PHASE_STRIP = NO;
				DEBUG_INFORMATION_FORMAT = dwarf;
				ENABLE_STRICT_OBJC_MSGSEND = YES;
				ENABLE_TESTABILITY = YES;
				ENABLE_USER_SCRIPT_SANDBOXING = YES;
				GCC_C_LANGUAGE_STANDARD = gnu17;
				GCC_DYNAMIC_NO_PIC = NO;
				GCC_NO_COMMON_BLOCKS = YES;
				GCC_OPTIMIZATION_LEVEL = 0;
				GCC_PREPROCESSOR_DEFINITIONS = (
					"DEBUG=1",
					"$(inherited)",
				);
				GCC_WARN_64_TO_32_BIT_CONVERSION = YES;
				GCC_WARN_ABOUT_RETURN_TYPE = YES_ERROR;
				GCC_WARN_UNDECLARED_SELECTOR = YES;
				GCC_WARN_UNINITIALIZED_AUTOS = YES_AGGRESSIVE;
				GCC_WARN_UNUSED_FUNCTION = YES;
				GCC_WARN_UNUSED_VARIABLE = YES;
				IPHONEOS_DEPLOYMENT_TARGET = 17.0;
				LOCALIZATION_PREFERS_STRING_CATALOGS = YES;
				MTL_ENABLE_DEBUG_INFO = INCLUDE_SOURCE;
				MTL_FAST_MATH = YES;
				ONLY_ACTIVE_ARCH = YES;
				SDKROOT = iphoneos;
				SWIFT_ACTIVE_COMPILATION_CONDITIONS = "DEBUG $(inherited)";
				SWIFT_OPTIMIZATION_LEVEL = "-Onone";
			};
			name = Debug;
		};
		DCC2FF742AD842EA00E9834A /* Release */ = {
			isa = XCBuildConfiguration;
			buildSettings = {
				ALWAYS_SEARCH_USER_PATHS = NO;
				ASSETCATALOG_COMPILER_GENERATE_SWIFT_ASSET_SYMBOL_EXTENSIONS = YES;
				CLANG_ANALYZER_NONNULL = YES;
				CLANG_ANALYZER_NUMBER_OBJECT_CONVERSION = YES_AGGRESSIVE;
				CLANG_CXX_LANGUAGE_STANDARD = "gnu++20";
				CLANG_ENABLE_MODULES = YES;
				CLANG_ENABLE_OBJC_ARC = YES;
				CLANG_ENABLE_OBJC_WEAK = YES;
				CLANG_WARN_BLOCK_CAPTURE_AUTORELEASING = YES;
				CLANG_WARN_BOOL_CONVERSION = YES;
				CLANG_WARN_COMMA = YES;
				CLANG_WARN_CONSTANT_CONVERSION = YES;
				CLANG_WARN_DEPRECATED_OBJC_IMPLEMENTATIONS = YES;
				CLANG_WARN_DIRECT_OBJC_ISA_USAGE = YES_ERROR;
				CLANG_WARN_DOCUMENTATION_COMMENTS = YES;
				CLANG_WARN_EMPTY_BODY = YES;
				CLANG_WARN_ENUM_CONVERSION = YES;
				CLANG_WARN_INFINITE_RECURSION = YES;
				CLANG_WARN_INT_CONVERSION = YES;
				CLANG_WARN_NON_LITERAL_NULL_CONVERSION = YES;
				CLANG_WARN_OBJC_IMPLICIT_RETAIN_SELF = YES;
				CLANG_WARN_OBJC_LITERAL_CONVERSION = YES;
				CLANG_WARN_OBJC_ROOT_CLASS = YES_ERROR;
				CLANG_WARN_QUOTED_INCLUDE_IN_FRAMEWORK_HEADER = YES;
				CLANG_WARN_RANGE_LOOP_ANALYSIS = YES;
				CLANG_WARN_STRICT_PROTOTYPES = YES;
				CLANG_WARN_SUSPICIOUS_MOVE = YES;
				CLANG_WARN_UNGUARDED_AVAILABILITY = YES_AGGRESSIVE;
				CLANG_WARN_UNREACHABLE_CODE = YES;
				CLANG_WARN__DUPLICATE_METHOD_MATCH = YES;
				COPY_PHASE_STRIP = NO;
				DEBUG_INFORMATION_FORMAT = "dwarf-with-dsym";
				ENABLE_NS_ASSERTIONS = NO;
				ENABLE_STRICT_OBJC_MSGSEND = YES;
				ENABLE_USER_SCRIPT_SANDBOXING = YES;
				GCC_C_LANGUAGE_STANDARD = gnu17;
				GCC_NO_COMMON_BLOCKS = YES;
				GCC_WARN_64_TO_32_BIT_CONVERSION = YES;
				GCC_WARN_ABOUT_RETURN_TYPE = YES_ERROR;
				GCC_WARN_UNDECLARED_SELECTOR = YES;
				GCC_WARN_UNINITIALIZED_AUTOS = YES_AGGRESSIVE;
				GCC_WARN_UNUSED_FUNCTION = YES;
				GCC_WARN_UNUSED_VARIABLE = YES;
				IPHONEOS_DEPLOYMENT_TARGET = 17.0;
				LOCALIZATION_PREFERS_STRING_CATALOGS = YES;
				MTL_ENABLE_DEBUG_INFO = NO;
				MTL_FAST_MATH = YES;
				SDKROOT = iphoneos;
				SWIFT_COMPILATION_MODE = wholemodule;
				VALIDATE_PRODUCT = YES;
			};
			name = Release;
		};
		DCC2FF762AD842EA00E9834A /* Debug */ = {
			isa = XCBuildConfiguration;
			buildSettings = {
				ASSETCATALOG_COMPILER_APPICON_NAME = AppIcon;
				ASSETCATALOG_COMPILER_GLOBAL_ACCENT_COLOR_NAME = AccentColor;
				CODE_SIGN_IDENTITY = "Apple Development";
				CODE_SIGN_STYLE = Automatic;
				CURRENT_PROJECT_VERSION = 1;
				DEVELOPMENT_ASSET_PATHS = "\"Dhaka Wheels/Preview Content\"";
				DEVELOPMENT_TEAM = 3Y9S8RQJ87;
				ENABLE_PREVIEWS = YES;
				GENERATE_INFOPLIST_FILE = YES;
				INFOPLIST_KEY_UIApplicationSceneManifest_Generation = YES;
				INFOPLIST_KEY_UIApplicationSupportsIndirectInputEvents = YES;
				INFOPLIST_KEY_UILaunchScreen_Generation = YES;
				INFOPLIST_KEY_UIStatusBarStyle = "";
				INFOPLIST_KEY_UISupportedInterfaceOrientations = UIInterfaceOrientationPortrait;
				INFOPLIST_KEY_UISupportedInterfaceOrientations_iPad = "UIInterfaceOrientationLandscapeLeft UIInterfaceOrientationLandscapeRight UIInterfaceOrientationPortrait UIInterfaceOrientationPortraitUpsideDown";
				LD_RUNPATH_SEARCH_PATHS = (
					"$(inherited)",
					"@executable_path/Frameworks",
				);
				MARKETING_VERSION = 1.0;
				PRODUCT_BUNDLE_IDENTIFIER = "com.github.asad51.Dhaka-Wheels";
				PRODUCT_NAME = "$(TARGET_NAME)";
				PROVISIONING_PROFILE_SPECIFIER = "";
				SUPPORTED_PLATFORMS = "iphoneos iphonesimulator";
				SUPPORTS_MACCATALYST = NO;
				SUPPORTS_MAC_DESIGNED_FOR_IPHONE_IPAD = NO;
				SWIFT_EMIT_LOC_STRINGS = YES;
				SWIFT_VERSION = 5.0;
				TARGETED_DEVICE_FAMILY = 1;
			};
			name = Debug;
		};
		DCC2FF772AD842EA00E9834A /* Release */ = {
			isa = XCBuildConfiguration;
			buildSettings = {
				ASSETCATALOG_COMPILER_APPICON_NAME = AppIcon;
				ASSETCATALOG_COMPILER_GLOBAL_ACCENT_COLOR_NAME = AccentColor;
				CODE_SIGN_IDENTITY = "Apple Development";
				CODE_SIGN_STYLE = Automatic;
				CURRENT_PROJECT_VERSION = 1;
				DEVELOPMENT_ASSET_PATHS = "\"Dhaka Wheels/Preview Content\"";
				DEVELOPMENT_TEAM = 3Y9S8RQJ87;
				ENABLE_PREVIEWS = YES;
				GENERATE_INFOPLIST_FILE = YES;
				INFOPLIST_KEY_UIApplicationSceneManifest_Generation = YES;
				INFOPLIST_KEY_UIApplicationSupportsIndirectInputEvents = YES;
				INFOPLIST_KEY_UILaunchScreen_Generation = YES;
				INFOPLIST_KEY_UIStatusBarStyle = "";
				INFOPLIST_KEY_UISupportedInterfaceOrientations = UIInterfaceOrientationPortrait;
				INFOPLIST_KEY_UISupportedInterfaceOrientations_iPad = "UIInterfaceOrientationLandscapeLeft UIInterfaceOrientationLandscapeRight UIInterfaceOrientationPortrait UIInterfaceOrientationPortraitUpsideDown";
				LD_RUNPATH_SEARCH_PATHS = (
					"$(inherited)",
					"@executable_path/Frameworks",
				);
				MARKETING_VERSION = 1.0;
				PRODUCT_BUNDLE_IDENTIFIER = "com.github.asad51.Dhaka-Wheels";
				PRODUCT_NAME = "$(TARGET_NAME)";
				PROVISIONING_PROFILE_SPECIFIER = "";
				SUPPORTED_PLATFORMS = "iphoneos iphonesimulator";
				SUPPORTS_MACCATALYST = NO;
				SUPPORTS_MAC_DESIGNED_FOR_IPHONE_IPAD = NO;
				SWIFT_EMIT_LOC_STRINGS = YES;
				SWIFT_VERSION = 5.0;
				TARGETED_DEVICE_FAMILY = 1;
			};
			name = Release;
		};
/* End XCBuildConfiguration section */

/* Begin XCConfigurationList section */
		DC689C452ADB229000F03E07 /* Build configuration list for PBXNativeTarget "FirebaseUpdator" */ = {
			isa = XCConfigurationList;
			buildConfigurations = (
				DC689C432ADB229000F03E07 /* Debug */,
				DC689C442ADB229000F03E07 /* Release */,
			);
			defaultConfigurationIsVisible = 0;
			defaultConfigurationName = Release;
		};
		DCC2FF622AD842E900E9834A /* Build configuration list for PBXProject "Dhaka Wheels" */ = {
			isa = XCConfigurationList;
			buildConfigurations = (
				DCC2FF732AD842EA00E9834A /* Debug */,
				DCC2FF742AD842EA00E9834A /* Release */,
			);
			defaultConfigurationIsVisible = 0;
			defaultConfigurationName = Release;
		};
		DCC2FF752AD842EA00E9834A /* Build configuration list for PBXNativeTarget "Dhaka Wheels" */ = {
			isa = XCConfigurationList;
			buildConfigurations = (
				DCC2FF762AD842EA00E9834A /* Debug */,
				DCC2FF772AD842EA00E9834A /* Release */,
			);
			defaultConfigurationIsVisible = 0;
			defaultConfigurationName = Release;
		};
/* End XCConfigurationList section */

/* Begin XCRemoteSwiftPackageReference section */
		DCABFED62ADBB932004DD6CF /* XCRemoteSwiftPackageReference "WaterfallGrid" */ = {
			isa = XCRemoteSwiftPackageReference;
			repositoryURL = "https://github.com/paololeonardi/WaterfallGrid.git";
			requirement = {
				kind = upToNextMajorVersion;
				minimumVersion = 1.0.1;
			};
		};
		DCD8B5DA2ADB0B890039F12F /* XCRemoteSwiftPackageReference "firebase-ios-sdk" */ = {
			isa = XCRemoteSwiftPackageReference;
			repositoryURL = "https://github.com/firebase/firebase-ios-sdk";
			requirement = {
				kind = upToNextMajorVersion;
				minimumVersion = 10.16.0;
			};
		};
		DCDD02A62AE78DF100B59B26 /* XCRemoteSwiftPackageReference "CocoaLumberjack" */ = {
			isa = XCRemoteSwiftPackageReference;
			repositoryURL = "https://github.com/CocoaLumberjack/CocoaLumberjack.git";
			requirement = {
				kind = upToNextMajorVersion;
				minimumVersion = 3.8.1;
			};
		};
/* End XCRemoteSwiftPackageReference section */

/* Begin XCSwiftPackageProductDependency section */
		DC689C462ADB22DE00F03E07 /* FirebaseAnalytics */ = {
			isa = XCSwiftPackageProductDependency;
			package = DCD8B5DA2ADB0B890039F12F /* XCRemoteSwiftPackageReference "firebase-ios-sdk" */;
			productName = FirebaseAnalytics;
		};
		DC689C482ADB22DE00F03E07 /* FirebaseAnalyticsOnDeviceConversion */ = {
			isa = XCSwiftPackageProductDependency;
			package = DCD8B5DA2ADB0B890039F12F /* XCRemoteSwiftPackageReference "firebase-ios-sdk" */;
			productName = FirebaseAnalyticsOnDeviceConversion;
		};
		DC689C4A2ADB22DE00F03E07 /* FirebaseAnalyticsSwift */ = {
			isa = XCSwiftPackageProductDependency;
			package = DCD8B5DA2ADB0B890039F12F /* XCRemoteSwiftPackageReference "firebase-ios-sdk" */;
			productName = FirebaseAnalyticsSwift;
		};
		DC689C4C2ADB22DE00F03E07 /* FirebaseAnalyticsWithoutAdIdSupport */ = {
			isa = XCSwiftPackageProductDependency;
			package = DCD8B5DA2ADB0B890039F12F /* XCRemoteSwiftPackageReference "firebase-ios-sdk" */;
			productName = FirebaseAnalyticsWithoutAdIdSupport;
		};
		DC689C4E2ADB22DE00F03E07 /* FirebaseAppCheck */ = {
			isa = XCSwiftPackageProductDependency;
			package = DCD8B5DA2ADB0B890039F12F /* XCRemoteSwiftPackageReference "firebase-ios-sdk" */;
			productName = FirebaseAppCheck;
		};
		DC689C502ADB22DE00F03E07 /* FirebaseAppDistribution-Beta */ = {
			isa = XCSwiftPackageProductDependency;
			package = DCD8B5DA2ADB0B890039F12F /* XCRemoteSwiftPackageReference "firebase-ios-sdk" */;
			productName = "FirebaseAppDistribution-Beta";
		};
		DC689C522ADB22DE00F03E07 /* FirebaseAuth */ = {
			isa = XCSwiftPackageProductDependency;
			package = DCD8B5DA2ADB0B890039F12F /* XCRemoteSwiftPackageReference "firebase-ios-sdk" */;
			productName = FirebaseAuth;
		};
		DC689C542ADB22DE00F03E07 /* FirebaseAuthCombine-Community */ = {
			isa = XCSwiftPackageProductDependency;
			package = DCD8B5DA2ADB0B890039F12F /* XCRemoteSwiftPackageReference "firebase-ios-sdk" */;
			productName = "FirebaseAuthCombine-Community";
		};
		DC689C562ADB22DE00F03E07 /* FirebaseCrashlytics */ = {
			isa = XCSwiftPackageProductDependency;
			package = DCD8B5DA2ADB0B890039F12F /* XCRemoteSwiftPackageReference "firebase-ios-sdk" */;
			productName = FirebaseCrashlytics;
		};
		DC689C582ADB22DE00F03E07 /* FirebaseDatabase */ = {
			isa = XCSwiftPackageProductDependency;
			package = DCD8B5DA2ADB0B890039F12F /* XCRemoteSwiftPackageReference "firebase-ios-sdk" */;
			productName = FirebaseDatabase;
		};
		DC689C5A2ADB22DE00F03E07 /* FirebaseDatabaseSwift */ = {
			isa = XCSwiftPackageProductDependency;
			package = DCD8B5DA2ADB0B890039F12F /* XCRemoteSwiftPackageReference "firebase-ios-sdk" */;
			productName = FirebaseDatabaseSwift;
		};
		DC689C5C2ADB22DE00F03E07 /* FirebaseDynamicLinks */ = {
			isa = XCSwiftPackageProductDependency;
			package = DCD8B5DA2ADB0B890039F12F /* XCRemoteSwiftPackageReference "firebase-ios-sdk" */;
			productName = FirebaseDynamicLinks;
		};
		DC689C5E2ADB22DE00F03E07 /* FirebaseFirestore */ = {
			isa = XCSwiftPackageProductDependency;
			package = DCD8B5DA2ADB0B890039F12F /* XCRemoteSwiftPackageReference "firebase-ios-sdk" */;
			productName = FirebaseFirestore;
		};
		DC689C602ADB22DE00F03E07 /* FirebaseFirestoreCombine-Community */ = {
			isa = XCSwiftPackageProductDependency;
			package = DCD8B5DA2ADB0B890039F12F /* XCRemoteSwiftPackageReference "firebase-ios-sdk" */;
			productName = "FirebaseFirestoreCombine-Community";
		};
		DC689C622ADB22DE00F03E07 /* FirebaseFirestoreSwift */ = {
			isa = XCSwiftPackageProductDependency;
			package = DCD8B5DA2ADB0B890039F12F /* XCRemoteSwiftPackageReference "firebase-ios-sdk" */;
			productName = FirebaseFirestoreSwift;
		};
		DC689C642ADB22DF00F03E07 /* FirebaseFunctions */ = {
			isa = XCSwiftPackageProductDependency;
			package = DCD8B5DA2ADB0B890039F12F /* XCRemoteSwiftPackageReference "firebase-ios-sdk" */;
			productName = FirebaseFunctions;
		};
		DC689C662ADB22DF00F03E07 /* FirebaseFunctionsCombine-Community */ = {
			isa = XCSwiftPackageProductDependency;
			package = DCD8B5DA2ADB0B890039F12F /* XCRemoteSwiftPackageReference "firebase-ios-sdk" */;
			productName = "FirebaseFunctionsCombine-Community";
		};
		DC689C682ADB22DF00F03E07 /* FirebaseInAppMessaging-Beta */ = {
			isa = XCSwiftPackageProductDependency;
			package = DCD8B5DA2ADB0B890039F12F /* XCRemoteSwiftPackageReference "firebase-ios-sdk" */;
			productName = "FirebaseInAppMessaging-Beta";
		};
		DC689C6A2ADB22DF00F03E07 /* FirebaseInAppMessagingSwift-Beta */ = {
			isa = XCSwiftPackageProductDependency;
			package = DCD8B5DA2ADB0B890039F12F /* XCRemoteSwiftPackageReference "firebase-ios-sdk" */;
			productName = "FirebaseInAppMessagingSwift-Beta";
		};
		DC689C6C2ADB22DF00F03E07 /* FirebaseInstallations */ = {
			isa = XCSwiftPackageProductDependency;
			package = DCD8B5DA2ADB0B890039F12F /* XCRemoteSwiftPackageReference "firebase-ios-sdk" */;
			productName = FirebaseInstallations;
		};
		DC689C6E2ADB22DF00F03E07 /* FirebaseMLModelDownloader */ = {
			isa = XCSwiftPackageProductDependency;
			package = DCD8B5DA2ADB0B890039F12F /* XCRemoteSwiftPackageReference "firebase-ios-sdk" */;
			productName = FirebaseMLModelDownloader;
		};
		DC689C702ADB22DF00F03E07 /* FirebaseMessaging */ = {
			isa = XCSwiftPackageProductDependency;
			package = DCD8B5DA2ADB0B890039F12F /* XCRemoteSwiftPackageReference "firebase-ios-sdk" */;
			productName = FirebaseMessaging;
		};
		DC689C722ADB22DF00F03E07 /* FirebasePerformance */ = {
			isa = XCSwiftPackageProductDependency;
			package = DCD8B5DA2ADB0B890039F12F /* XCRemoteSwiftPackageReference "firebase-ios-sdk" */;
			productName = FirebasePerformance;
		};
		DC689C742ADB22DF00F03E07 /* FirebaseRemoteConfig */ = {
			isa = XCSwiftPackageProductDependency;
			package = DCD8B5DA2ADB0B890039F12F /* XCRemoteSwiftPackageReference "firebase-ios-sdk" */;
			productName = FirebaseRemoteConfig;
		};
		DC689C762ADB22DF00F03E07 /* FirebaseRemoteConfigSwift */ = {
			isa = XCSwiftPackageProductDependency;
			package = DCD8B5DA2ADB0B890039F12F /* XCRemoteSwiftPackageReference "firebase-ios-sdk" */;
			productName = FirebaseRemoteConfigSwift;
		};
		DC689C782ADB22DF00F03E07 /* FirebaseStorage */ = {
			isa = XCSwiftPackageProductDependency;
			package = DCD8B5DA2ADB0B890039F12F /* XCRemoteSwiftPackageReference "firebase-ios-sdk" */;
			productName = FirebaseStorage;
		};
		DC689C7A2ADB22DF00F03E07 /* FirebaseStorageCombine-Community */ = {
			isa = XCSwiftPackageProductDependency;
			package = DCD8B5DA2ADB0B890039F12F /* XCRemoteSwiftPackageReference "firebase-ios-sdk" */;
			productName = "FirebaseStorageCombine-Community";
		};
		DCD8B5DB2ADB0B890039F12F /* FirebaseAnalytics */ = {
			isa = XCSwiftPackageProductDependency;
			package = DCD8B5DA2ADB0B890039F12F /* XCRemoteSwiftPackageReference "firebase-ios-sdk" */;
			productName = FirebaseAnalytics;
		};
		DCD8B5DD2ADB0B890039F12F /* FirebaseAnalyticsOnDeviceConversion */ = {
			isa = XCSwiftPackageProductDependency;
			package = DCD8B5DA2ADB0B890039F12F /* XCRemoteSwiftPackageReference "firebase-ios-sdk" */;
			productName = FirebaseAnalyticsOnDeviceConversion;
		};
		DCD8B5DF2ADB0B890039F12F /* FirebaseAnalyticsSwift */ = {
			isa = XCSwiftPackageProductDependency;
			package = DCD8B5DA2ADB0B890039F12F /* XCRemoteSwiftPackageReference "firebase-ios-sdk" */;
			productName = FirebaseAnalyticsSwift;
		};
		DCD8B5E12ADB0B890039F12F /* FirebaseAnalyticsWithoutAdIdSupport */ = {
			isa = XCSwiftPackageProductDependency;
			package = DCD8B5DA2ADB0B890039F12F /* XCRemoteSwiftPackageReference "firebase-ios-sdk" */;
			productName = FirebaseAnalyticsWithoutAdIdSupport;
		};
		DCD8B5E32ADB0B890039F12F /* FirebaseAppCheck */ = {
			isa = XCSwiftPackageProductDependency;
			package = DCD8B5DA2ADB0B890039F12F /* XCRemoteSwiftPackageReference "firebase-ios-sdk" */;
			productName = FirebaseAppCheck;
		};
		DCD8B5E52ADB0B890039F12F /* FirebaseAppDistribution-Beta */ = {
			isa = XCSwiftPackageProductDependency;
			package = DCD8B5DA2ADB0B890039F12F /* XCRemoteSwiftPackageReference "firebase-ios-sdk" */;
			productName = "FirebaseAppDistribution-Beta";
		};
		DCD8B5E72ADB0B890039F12F /* FirebaseAuth */ = {
			isa = XCSwiftPackageProductDependency;
			package = DCD8B5DA2ADB0B890039F12F /* XCRemoteSwiftPackageReference "firebase-ios-sdk" */;
			productName = FirebaseAuth;
		};
		DCD8B5E92ADB0B890039F12F /* FirebaseAuthCombine-Community */ = {
			isa = XCSwiftPackageProductDependency;
			package = DCD8B5DA2ADB0B890039F12F /* XCRemoteSwiftPackageReference "firebase-ios-sdk" */;
			productName = "FirebaseAuthCombine-Community";
		};
		DCD8B5EB2ADB0B890039F12F /* FirebaseCrashlytics */ = {
			isa = XCSwiftPackageProductDependency;
			package = DCD8B5DA2ADB0B890039F12F /* XCRemoteSwiftPackageReference "firebase-ios-sdk" */;
			productName = FirebaseCrashlytics;
		};
		DCD8B5ED2ADB0B890039F12F /* FirebaseDatabase */ = {
			isa = XCSwiftPackageProductDependency;
			package = DCD8B5DA2ADB0B890039F12F /* XCRemoteSwiftPackageReference "firebase-ios-sdk" */;
			productName = FirebaseDatabase;
		};
		DCD8B5EF2ADB0B890039F12F /* FirebaseDatabaseSwift */ = {
			isa = XCSwiftPackageProductDependency;
			package = DCD8B5DA2ADB0B890039F12F /* XCRemoteSwiftPackageReference "firebase-ios-sdk" */;
			productName = FirebaseDatabaseSwift;
		};
		DCD8B5F12ADB0B890039F12F /* FirebaseDynamicLinks */ = {
			isa = XCSwiftPackageProductDependency;
			package = DCD8B5DA2ADB0B890039F12F /* XCRemoteSwiftPackageReference "firebase-ios-sdk" */;
			productName = FirebaseDynamicLinks;
		};
		DCD8B5F32ADB0B890039F12F /* FirebaseFirestore */ = {
			isa = XCSwiftPackageProductDependency;
			package = DCD8B5DA2ADB0B890039F12F /* XCRemoteSwiftPackageReference "firebase-ios-sdk" */;
			productName = FirebaseFirestore;
		};
		DCD8B5F52ADB0B890039F12F /* FirebaseFirestoreCombine-Community */ = {
			isa = XCSwiftPackageProductDependency;
			package = DCD8B5DA2ADB0B890039F12F /* XCRemoteSwiftPackageReference "firebase-ios-sdk" */;
			productName = "FirebaseFirestoreCombine-Community";
		};
		DCD8B5F72ADB0B890039F12F /* FirebaseFirestoreSwift */ = {
			isa = XCSwiftPackageProductDependency;
			package = DCD8B5DA2ADB0B890039F12F /* XCRemoteSwiftPackageReference "firebase-ios-sdk" */;
			productName = FirebaseFirestoreSwift;
		};
		DCD8B5F92ADB0B890039F12F /* FirebaseFunctions */ = {
			isa = XCSwiftPackageProductDependency;
			package = DCD8B5DA2ADB0B890039F12F /* XCRemoteSwiftPackageReference "firebase-ios-sdk" */;
			productName = FirebaseFunctions;
		};
		DCD8B5FB2ADB0B890039F12F /* FirebaseFunctionsCombine-Community */ = {
			isa = XCSwiftPackageProductDependency;
			package = DCD8B5DA2ADB0B890039F12F /* XCRemoteSwiftPackageReference "firebase-ios-sdk" */;
			productName = "FirebaseFunctionsCombine-Community";
		};
		DCD8B5FD2ADB0B890039F12F /* FirebaseInAppMessaging-Beta */ = {
			isa = XCSwiftPackageProductDependency;
			package = DCD8B5DA2ADB0B890039F12F /* XCRemoteSwiftPackageReference "firebase-ios-sdk" */;
			productName = "FirebaseInAppMessaging-Beta";
		};
		DCD8B5FF2ADB0B890039F12F /* FirebaseInAppMessagingSwift-Beta */ = {
			isa = XCSwiftPackageProductDependency;
			package = DCD8B5DA2ADB0B890039F12F /* XCRemoteSwiftPackageReference "firebase-ios-sdk" */;
			productName = "FirebaseInAppMessagingSwift-Beta";
		};
		DCD8B6012ADB0B890039F12F /* FirebaseInstallations */ = {
			isa = XCSwiftPackageProductDependency;
			package = DCD8B5DA2ADB0B890039F12F /* XCRemoteSwiftPackageReference "firebase-ios-sdk" */;
			productName = FirebaseInstallations;
		};
		DCD8B6032ADB0B890039F12F /* FirebaseMLModelDownloader */ = {
			isa = XCSwiftPackageProductDependency;
			package = DCD8B5DA2ADB0B890039F12F /* XCRemoteSwiftPackageReference "firebase-ios-sdk" */;
			productName = FirebaseMLModelDownloader;
		};
		DCD8B6052ADB0B890039F12F /* FirebaseMessaging */ = {
			isa = XCSwiftPackageProductDependency;
			package = DCD8B5DA2ADB0B890039F12F /* XCRemoteSwiftPackageReference "firebase-ios-sdk" */;
			productName = FirebaseMessaging;
		};
		DCD8B6072ADB0B890039F12F /* FirebasePerformance */ = {
			isa = XCSwiftPackageProductDependency;
			package = DCD8B5DA2ADB0B890039F12F /* XCRemoteSwiftPackageReference "firebase-ios-sdk" */;
			productName = FirebasePerformance;
		};
		DCD8B6092ADB0B890039F12F /* FirebaseRemoteConfig */ = {
			isa = XCSwiftPackageProductDependency;
			package = DCD8B5DA2ADB0B890039F12F /* XCRemoteSwiftPackageReference "firebase-ios-sdk" */;
			productName = FirebaseRemoteConfig;
		};
		DCD8B60B2ADB0B890039F12F /* FirebaseRemoteConfigSwift */ = {
			isa = XCSwiftPackageProductDependency;
			package = DCD8B5DA2ADB0B890039F12F /* XCRemoteSwiftPackageReference "firebase-ios-sdk" */;
			productName = FirebaseRemoteConfigSwift;
		};
		DCD8B60D2ADB0B890039F12F /* FirebaseStorage */ = {
			isa = XCSwiftPackageProductDependency;
			package = DCD8B5DA2ADB0B890039F12F /* XCRemoteSwiftPackageReference "firebase-ios-sdk" */;
			productName = FirebaseStorage;
		};
		DCD8B60F2ADB0B890039F12F /* FirebaseStorageCombine-Community */ = {
			isa = XCSwiftPackageProductDependency;
			package = DCD8B5DA2ADB0B890039F12F /* XCRemoteSwiftPackageReference "firebase-ios-sdk" */;
			productName = "FirebaseStorageCombine-Community";
		};
		DCDD02A72AE78DF100B59B26 /* CocoaLumberjack */ = {
			isa = XCSwiftPackageProductDependency;
			package = DCDD02A62AE78DF100B59B26 /* XCRemoteSwiftPackageReference "CocoaLumberjack" */;
			productName = CocoaLumberjack;
		};
		DCDD02A92AE78DF100B59B26 /* CocoaLumberjackSwift */ = {
			isa = XCSwiftPackageProductDependency;
			package = DCDD02A62AE78DF100B59B26 /* XCRemoteSwiftPackageReference "CocoaLumberjack" */;
			productName = CocoaLumberjackSwift;
		};
		DCDD02AB2AE78DF100B59B26 /* CocoaLumberjackSwiftLogBackend */ = {
			isa = XCSwiftPackageProductDependency;
			package = DCDD02A62AE78DF100B59B26 /* XCRemoteSwiftPackageReference "CocoaLumberjack" */;
			productName = CocoaLumberjackSwiftLogBackend;
		};
		DCDD02B22AE7986F00B59B26 /* CocoaLumberjack */ = {
			isa = XCSwiftPackageProductDependency;
			package = DCDD02A62AE78DF100B59B26 /* XCRemoteSwiftPackageReference "CocoaLumberjack" */;
			productName = CocoaLumberjack;
		};
		DCDD02B42AE7986F00B59B26 /* CocoaLumberjackSwift */ = {
			isa = XCSwiftPackageProductDependency;
			package = DCDD02A62AE78DF100B59B26 /* XCRemoteSwiftPackageReference "CocoaLumberjack" */;
			productName = CocoaLumberjackSwift;
		};
		DCDD02B62AE7986F00B59B26 /* CocoaLumberjackSwiftLogBackend */ = {
			isa = XCSwiftPackageProductDependency;
			package = DCDD02A62AE78DF100B59B26 /* XCRemoteSwiftPackageReference "CocoaLumberjack" */;
			productName = CocoaLumberjackSwiftLogBackend;
		};
/* End XCSwiftPackageProductDependency section */
	};
	rootObject = DCC2FF5F2AD842E900E9834A /* Project object */;
}
